
Microsoft Visual Studio Solution File, Format Version 12.00
# Visual Studio 15
VisualStudioVersion = 15.0.27428.2037
MinimumVisualStudioVersion = 10.0.40219.1
Project("{2150E333-8FDC-42A3-9474-1A3956D46DE8}") = "Web", "Web", "{0306F295-2400-4850-8C6F-F5CCA770EADC}"
EndProject
Project("{FAE04EC0-301F-11D3-BF4B-00C04F79EFBC}") = "Navision.WebApi", "Navision.WebApi\Navision.WebApi.csproj", "{2A105C99-4985-4450-B102-F11F4A4080EF}"
EndProject
Project("{2150E333-8FDC-42A3-9474-1A3956D46DE8}") = "Exe", "Exe", "{C83114F4-2EBB-4EA6-9092-ED34876C5A57}"
EndProject
Project("{FAE04EC0-301F-11D3-BF4B-00C04F79EFBC}") = "Navision.Models", "Navision.Models\Navision.Models.csproj", "{2CE429B0-F7E4-4CBF-AE3D-56DA63CEF2A0}"
EndProject
Project("{FAE04EC0-301F-11D3-BF4B-00C04F79EFBC}") = "Navision.WebApi.Test", "Navision.WebApi.Test\Navision.WebApi.Test.csproj", "{03B420CC-A2FF-4E9C-8BFC-2737463D6A61}"
EndProject
Project("{2150E333-8FDC-42A3-9474-1A3956D46DE8}") = "Mobile", "Mobile", "{8341AE04-0426-4915-AD93-26EEE8B83C31}"
EndProject
Project("{FAE04EC0-301F-11D3-BF4B-00C04F79EFBC}") = "Navision.ControleDocuments.Android", "Navision.ControleDocuments\Navision.ControleDocuments.Android\Navision.ControleDocuments.Android.csproj", "{64679331-A864-463C-8934-CF1C7DC44138}"
EndProject
Project("{FAE04EC0-301F-11D3-BF4B-00C04F79EFBC}") = "Navision.ControleDocuments.iOS", "Navision.ControleDocuments\Navision.ControleDocuments.iOS\Navision.ControleDocuments.iOS.csproj", "{4A6B4C6F-1AD1-4674-9169-5B3E28FA7293}"
EndProject
Project("{FAE04EC0-301F-11D3-BF4B-00C04F79EFBC}") = "Navision.ControleDocuments.UWP", "Navision.ControleDocuments\Navision.ControleDocuments.UWP\Navision.ControleDocuments.UWP.csproj", "{6DF4B7E4-A263-483D-A8C8-74347DD3EA9A}"
EndProject
Project("{9A19103F-16F7-4668-BE54-9A1E7A4F7556}") = "Navision.ControleDocuments", "Navision.ControleDocuments\Navision.ControleDocuments\Navision.ControleDocuments.csproj", "{2E4C9637-46DE-4FFC-8060-92F18CADDEAE}"
EndProject
Project("{9A19103F-16F7-4668-BE54-9A1E7A4F7556}") = "Navision.ControleDocuments.Controllers", "Navision.ControleDocuments.Controllers\Navision.ControleDocuments.Controllers.csproj", "{436582A2-9AF9-4256-99C3-DAB7E0E02BDC}"
EndProject
Project("{9A19103F-16F7-4668-BE54-9A1E7A4F7556}") = "Navision.ControleDocuments.Services", "Navision.ControleDocuments.Services\Navision.ControleDocuments.Services.csproj", "{52E74ACE-38FB-48A1-BEC6-1A16EACEDA51}"
EndProject
Project("{FAE04EC0-301F-11D3-BF4B-00C04F79EFBC}") = "Navision.DB", "Navision.DB\Navision.DB.csproj", "{F0A95A92-DA64-4E59-A6F1-E41FD09F26B3}"
EndProject
Project("{2150E333-8FDC-42A3-9474-1A3956D46DE8}") = "SQL", "SQL", "{5CA0ADC4-E575-408B-83D4-11CFCF07BBB6}"
	ProjectSection(SolutionItems) = preProject
		Users Mobile.sql = Users Mobile.sql
	EndProjectSection
EndProject
Project("{FAE04EC0-301F-11D3-BF4B-00C04F79EFBC}") = "Creation_Json", "Creation Json\Creation_Json.csproj", "{BBB87CC7-6F79-4B82-9333-695F301484CC}"
EndProject
Project("{FAE04EC0-301F-11D3-BF4B-00C04F79EFBC}") = "Navision.ControleDocuments.CustomControles", "Navision.ControleDocuments.CustomControles\Navision.ControleDocuments.CustomControles.csproj", "{CF06202B-DC43-4039-9024-D2D224AA8D25}"
EndProject
Global
	GlobalSection(SolutionConfigurationPlatforms) = preSolution
		Ad-Hoc|Any CPU = Ad-Hoc|Any CPU
		Ad-Hoc|ARM = Ad-Hoc|ARM
		Ad-Hoc|iPhone = Ad-Hoc|iPhone
		Ad-Hoc|iPhoneSimulator = Ad-Hoc|iPhoneSimulator
		Ad-Hoc|x64 = Ad-Hoc|x64
		Ad-Hoc|x86 = Ad-Hoc|x86
		AppStore|Any CPU = AppStore|Any CPU
		AppStore|ARM = AppStore|ARM
		AppStore|iPhone = AppStore|iPhone
		AppStore|iPhoneSimulator = AppStore|iPhoneSimulator
		AppStore|x64 = AppStore|x64
		AppStore|x86 = AppStore|x86
		Debug|Any CPU = Debug|Any CPU
		Debug|ARM = Debug|ARM
		Debug|iPhone = Debug|iPhone
		Debug|iPhoneSimulator = Debug|iPhoneSimulator
		Debug|x64 = Debug|x64
		Debug|x86 = Debug|x86
		Release|Any CPU = Release|Any CPU
		Release|ARM = Release|ARM
		Release|iPhone = Release|iPhone
		Release|iPhoneSimulator = Release|iPhoneSimulator
		Release|x64 = Release|x64
		Release|x86 = Release|x86
	EndGlobalSection
	GlobalSection(ProjectConfigurationPlatforms) = postSolution
		{2A105C99-4985-4450-B102-F11F4A4080EF}.Ad-Hoc|Any CPU.ActiveCfg = Release|Any CPU
		{2A105C99-4985-4450-B102-F11F4A4080EF}.Ad-Hoc|Any CPU.Build.0 = Release|Any CPU
		{2A105C99-4985-4450-B102-F11F4A4080EF}.Ad-Hoc|ARM.ActiveCfg = Release|Any CPU
		{2A105C99-4985-4450-B102-F11F4A4080EF}.Ad-Hoc|ARM.Build.0 = Release|Any CPU
		{2A105C99-4985-4450-B102-F11F4A4080EF}.Ad-Hoc|iPhone.ActiveCfg = Release|Any CPU
		{2A105C99-4985-4450-B102-F11F4A4080EF}.Ad-Hoc|iPhone.Build.0 = Release|Any CPU
		{2A105C99-4985-4450-B102-F11F4A4080EF}.Ad-Hoc|iPhoneSimulator.ActiveCfg = Release|Any CPU
		{2A105C99-4985-4450-B102-F11F4A4080EF}.Ad-Hoc|iPhoneSimulator.Build.0 = Release|Any CPU
		{2A105C99-4985-4450-B102-F11F4A4080EF}.Ad-Hoc|x64.ActiveCfg = Release|Any CPU
		{2A105C99-4985-4450-B102-F11F4A4080EF}.Ad-Hoc|x64.Build.0 = Release|Any CPU
		{2A105C99-4985-4450-B102-F11F4A4080EF}.Ad-Hoc|x86.ActiveCfg = Release|Any CPU
		{2A105C99-4985-4450-B102-F11F4A4080EF}.Ad-Hoc|x86.Build.0 = Release|Any CPU
		{2A105C99-4985-4450-B102-F11F4A4080EF}.AppStore|Any CPU.ActiveCfg = Release|Any CPU
		{2A105C99-4985-4450-B102-F11F4A4080EF}.AppStore|Any CPU.Build.0 = Release|Any CPU
		{2A105C99-4985-4450-B102-F11F4A4080EF}.AppStore|ARM.ActiveCfg = Release|Any CPU
		{2A105C99-4985-4450-B102-F11F4A4080EF}.AppStore|ARM.Build.0 = Release|Any CPU
		{2A105C99-4985-4450-B102-F11F4A4080EF}.AppStore|iPhone.ActiveCfg = Release|Any CPU
		{2A105C99-4985-4450-B102-F11F4A4080EF}.AppStore|iPhone.Build.0 = Release|Any CPU
		{2A105C99-4985-4450-B102-F11F4A4080EF}.AppStore|iPhoneSimulator.ActiveCfg = Release|Any CPU
		{2A105C99-4985-4450-B102-F11F4A4080EF}.AppStore|iPhoneSimulator.Build.0 = Release|Any CPU
		{2A105C99-4985-4450-B102-F11F4A4080EF}.AppStore|x64.ActiveCfg = Release|Any CPU
		{2A105C99-4985-4450-B102-F11F4A4080EF}.AppStore|x64.Build.0 = Release|Any CPU
		{2A105C99-4985-4450-B102-F11F4A4080EF}.AppStore|x86.ActiveCfg = Release|Any CPU
		{2A105C99-4985-4450-B102-F11F4A4080EF}.AppStore|x86.Build.0 = Release|Any CPU
		{2A105C99-4985-4450-B102-F11F4A4080EF}.Debug|Any CPU.ActiveCfg = Debug|Any CPU
		{2A105C99-4985-4450-B102-F11F4A4080EF}.Debug|Any CPU.Build.0 = Debug|Any CPU
		{2A105C99-4985-4450-B102-F11F4A4080EF}.Debug|ARM.ActiveCfg = Debug|Any CPU
		{2A105C99-4985-4450-B102-F11F4A4080EF}.Debug|ARM.Build.0 = Debug|Any CPU
		{2A105C99-4985-4450-B102-F11F4A4080EF}.Debug|iPhone.ActiveCfg = Debug|Any CPU
		{2A105C99-4985-4450-B102-F11F4A4080EF}.Debug|iPhone.Build.0 = Debug|Any CPU
		{2A105C99-4985-4450-B102-F11F4A4080EF}.Debug|iPhoneSimulator.ActiveCfg = Debug|Any CPU
		{2A105C99-4985-4450-B102-F11F4A4080EF}.Debug|iPhoneSimulator.Build.0 = Debug|Any CPU
		{2A105C99-4985-4450-B102-F11F4A4080EF}.Debug|x64.ActiveCfg = Debug|Any CPU
		{2A105C99-4985-4450-B102-F11F4A4080EF}.Debug|x64.Build.0 = Debug|Any CPU
		{2A105C99-4985-4450-B102-F11F4A4080EF}.Debug|x86.ActiveCfg = Debug|Any CPU
		{2A105C99-4985-4450-B102-F11F4A4080EF}.Debug|x86.Build.0 = Debug|Any CPU
		{2A105C99-4985-4450-B102-F11F4A4080EF}.Release|Any CPU.ActiveCfg = Release|Any CPU
		{2A105C99-4985-4450-B102-F11F4A4080EF}.Release|Any CPU.Build.0 = Release|Any CPU
		{2A105C99-4985-4450-B102-F11F4A4080EF}.Release|ARM.ActiveCfg = Release|Any CPU
		{2A105C99-4985-4450-B102-F11F4A4080EF}.Release|ARM.Build.0 = Release|Any CPU
		{2A105C99-4985-4450-B102-F11F4A4080EF}.Release|iPhone.ActiveCfg = Release|Any CPU
		{2A105C99-4985-4450-B102-F11F4A4080EF}.Release|iPhone.Build.0 = Release|Any CPU
		{2A105C99-4985-4450-B102-F11F4A4080EF}.Release|iPhoneSimulator.ActiveCfg = Release|Any CPU
		{2A105C99-4985-4450-B102-F11F4A4080EF}.Release|iPhoneSimulator.Build.0 = Release|Any CPU
		{2A105C99-4985-4450-B102-F11F4A4080EF}.Release|x64.ActiveCfg = Release|Any CPU
		{2A105C99-4985-4450-B102-F11F4A4080EF}.Release|x64.Build.0 = Release|Any CPU
		{2A105C99-4985-4450-B102-F11F4A4080EF}.Release|x86.ActiveCfg = Release|Any CPU
		{2A105C99-4985-4450-B102-F11F4A4080EF}.Release|x86.Build.0 = Release|Any CPU
		{2CE429B0-F7E4-4CBF-AE3D-56DA63CEF2A0}.Ad-Hoc|Any CPU.ActiveCfg = Release|Any CPU
		{2CE429B0-F7E4-4CBF-AE3D-56DA63CEF2A0}.Ad-Hoc|Any CPU.Build.0 = Release|Any CPU
		{2CE429B0-F7E4-4CBF-AE3D-56DA63CEF2A0}.Ad-Hoc|ARM.ActiveCfg = Release|Any CPU
		{2CE429B0-F7E4-4CBF-AE3D-56DA63CEF2A0}.Ad-Hoc|ARM.Build.0 = Release|Any CPU
		{2CE429B0-F7E4-4CBF-AE3D-56DA63CEF2A0}.Ad-Hoc|iPhone.ActiveCfg = Release|Any CPU
		{2CE429B0-F7E4-4CBF-AE3D-56DA63CEF2A0}.Ad-Hoc|iPhone.Build.0 = Release|Any CPU
		{2CE429B0-F7E4-4CBF-AE3D-56DA63CEF2A0}.Ad-Hoc|iPhoneSimulator.ActiveCfg = Release|Any CPU
		{2CE429B0-F7E4-4CBF-AE3D-56DA63CEF2A0}.Ad-Hoc|iPhoneSimulator.Build.0 = Release|Any CPU
		{2CE429B0-F7E4-4CBF-AE3D-56DA63CEF2A0}.Ad-Hoc|x64.ActiveCfg = Release|Any CPU
		{2CE429B0-F7E4-4CBF-AE3D-56DA63CEF2A0}.Ad-Hoc|x64.Build.0 = Release|Any CPU
		{2CE429B0-F7E4-4CBF-AE3D-56DA63CEF2A0}.Ad-Hoc|x86.ActiveCfg = Release|Any CPU
		{2CE429B0-F7E4-4CBF-AE3D-56DA63CEF2A0}.Ad-Hoc|x86.Build.0 = Release|Any CPU
		{2CE429B0-F7E4-4CBF-AE3D-56DA63CEF2A0}.AppStore|Any CPU.ActiveCfg = Release|Any CPU
		{2CE429B0-F7E4-4CBF-AE3D-56DA63CEF2A0}.AppStore|Any CPU.Build.0 = Release|Any CPU
		{2CE429B0-F7E4-4CBF-AE3D-56DA63CEF2A0}.AppStore|ARM.ActiveCfg = Release|Any CPU
		{2CE429B0-F7E4-4CBF-AE3D-56DA63CEF2A0}.AppStore|ARM.Build.0 = Release|Any CPU
		{2CE429B0-F7E4-4CBF-AE3D-56DA63CEF2A0}.AppStore|iPhone.ActiveCfg = Release|Any CPU
		{2CE429B0-F7E4-4CBF-AE3D-56DA63CEF2A0}.AppStore|iPhone.Build.0 = Release|Any CPU
		{2CE429B0-F7E4-4CBF-AE3D-56DA63CEF2A0}.AppStore|iPhoneSimulator.ActiveCfg = Release|Any CPU
		{2CE429B0-F7E4-4CBF-AE3D-56DA63CEF2A0}.AppStore|iPhoneSimulator.Build.0 = Release|Any CPU
		{2CE429B0-F7E4-4CBF-AE3D-56DA63CEF2A0}.AppStore|x64.ActiveCfg = Release|Any CPU
		{2CE429B0-F7E4-4CBF-AE3D-56DA63CEF2A0}.AppStore|x64.Build.0 = Release|Any CPU
		{2CE429B0-F7E4-4CBF-AE3D-56DA63CEF2A0}.AppStore|x86.ActiveCfg = Release|Any CPU
		{2CE429B0-F7E4-4CBF-AE3D-56DA63CEF2A0}.AppStore|x86.Build.0 = Release|Any CPU
		{2CE429B0-F7E4-4CBF-AE3D-56DA63CEF2A0}.Debug|Any CPU.ActiveCfg = Debug|Any CPU
		{2CE429B0-F7E4-4CBF-AE3D-56DA63CEF2A0}.Debug|Any CPU.Build.0 = Debug|Any CPU
		{2CE429B0-F7E4-4CBF-AE3D-56DA63CEF2A0}.Debug|ARM.ActiveCfg = Debug|Any CPU
		{2CE429B0-F7E4-4CBF-AE3D-56DA63CEF2A0}.Debug|ARM.Build.0 = Debug|Any CPU
		{2CE429B0-F7E4-4CBF-AE3D-56DA63CEF2A0}.Debug|iPhone.ActiveCfg = Debug|Any CPU
		{2CE429B0-F7E4-4CBF-AE3D-56DA63CEF2A0}.Debug|iPhone.Build.0 = Debug|Any CPU
		{2CE429B0-F7E4-4CBF-AE3D-56DA63CEF2A0}.Debug|iPhoneSimulator.ActiveCfg = Debug|Any CPU
		{2CE429B0-F7E4-4CBF-AE3D-56DA63CEF2A0}.Debug|iPhoneSimulator.Build.0 = Debug|Any CPU
		{2CE429B0-F7E4-4CBF-AE3D-56DA63CEF2A0}.Debug|x64.ActiveCfg = Debug|Any CPU
		{2CE429B0-F7E4-4CBF-AE3D-56DA63CEF2A0}.Debug|x64.Build.0 = Debug|Any CPU
		{2CE429B0-F7E4-4CBF-AE3D-56DA63CEF2A0}.Debug|x86.ActiveCfg = Debug|Any CPU
		{2CE429B0-F7E4-4CBF-AE3D-56DA63CEF2A0}.Debug|x86.Build.0 = Debug|Any CPU
		{2CE429B0-F7E4-4CBF-AE3D-56DA63CEF2A0}.Release|Any CPU.ActiveCfg = Release|Any CPU
		{2CE429B0-F7E4-4CBF-AE3D-56DA63CEF2A0}.Release|Any CPU.Build.0 = Release|Any CPU
		{2CE429B0-F7E4-4CBF-AE3D-56DA63CEF2A0}.Release|ARM.ActiveCfg = Release|Any CPU
		{2CE429B0-F7E4-4CBF-AE3D-56DA63CEF2A0}.Release|ARM.Build.0 = Release|Any CPU
		{2CE429B0-F7E4-4CBF-AE3D-56DA63CEF2A0}.Release|iPhone.ActiveCfg = Release|Any CPU
		{2CE429B0-F7E4-4CBF-AE3D-56DA63CEF2A0}.Release|iPhone.Build.0 = Release|Any CPU
		{2CE429B0-F7E4-4CBF-AE3D-56DA63CEF2A0}.Release|iPhoneSimulator.ActiveCfg = Release|Any CPU
		{2CE429B0-F7E4-4CBF-AE3D-56DA63CEF2A0}.Release|iPhoneSimulator.Build.0 = Release|Any CPU
		{2CE429B0-F7E4-4CBF-AE3D-56DA63CEF2A0}.Release|x64.ActiveCfg = Release|Any CPU
		{2CE429B0-F7E4-4CBF-AE3D-56DA63CEF2A0}.Release|x64.Build.0 = Release|Any CPU
		{2CE429B0-F7E4-4CBF-AE3D-56DA63CEF2A0}.Release|x86.ActiveCfg = Release|Any CPU
		{2CE429B0-F7E4-4CBF-AE3D-56DA63CEF2A0}.Release|x86.Build.0 = Release|Any CPU
		{03B420CC-A2FF-4E9C-8BFC-2737463D6A61}.Ad-Hoc|Any CPU.ActiveCfg = Release|Any CPU
		{03B420CC-A2FF-4E9C-8BFC-2737463D6A61}.Ad-Hoc|Any CPU.Build.0 = Release|Any CPU
		{03B420CC-A2FF-4E9C-8BFC-2737463D6A61}.Ad-Hoc|ARM.ActiveCfg = Release|Any CPU
		{03B420CC-A2FF-4E9C-8BFC-2737463D6A61}.Ad-Hoc|ARM.Build.0 = Release|Any CPU
		{03B420CC-A2FF-4E9C-8BFC-2737463D6A61}.Ad-Hoc|iPhone.ActiveCfg = Release|Any CPU
		{03B420CC-A2FF-4E9C-8BFC-2737463D6A61}.Ad-Hoc|iPhone.Build.0 = Release|Any CPU
		{03B420CC-A2FF-4E9C-8BFC-2737463D6A61}.Ad-Hoc|iPhoneSimulator.ActiveCfg = Release|Any CPU
		{03B420CC-A2FF-4E9C-8BFC-2737463D6A61}.Ad-Hoc|iPhoneSimulator.Build.0 = Release|Any CPU
		{03B420CC-A2FF-4E9C-8BFC-2737463D6A61}.Ad-Hoc|x64.ActiveCfg = Release|Any CPU
		{03B420CC-A2FF-4E9C-8BFC-2737463D6A61}.Ad-Hoc|x64.Build.0 = Release|Any CPU
		{03B420CC-A2FF-4E9C-8BFC-2737463D6A61}.Ad-Hoc|x86.ActiveCfg = Release|Any CPU
		{03B420CC-A2FF-4E9C-8BFC-2737463D6A61}.Ad-Hoc|x86.Build.0 = Release|Any CPU
		{03B420CC-A2FF-4E9C-8BFC-2737463D6A61}.AppStore|Any CPU.ActiveCfg = Release|Any CPU
		{03B420CC-A2FF-4E9C-8BFC-2737463D6A61}.AppStore|Any CPU.Build.0 = Release|Any CPU
		{03B420CC-A2FF-4E9C-8BFC-2737463D6A61}.AppStore|ARM.ActiveCfg = Release|Any CPU
		{03B420CC-A2FF-4E9C-8BFC-2737463D6A61}.AppStore|ARM.Build.0 = Release|Any CPU
		{03B420CC-A2FF-4E9C-8BFC-2737463D6A61}.AppStore|iPhone.ActiveCfg = Release|Any CPU
		{03B420CC-A2FF-4E9C-8BFC-2737463D6A61}.AppStore|iPhone.Build.0 = Release|Any CPU
		{03B420CC-A2FF-4E9C-8BFC-2737463D6A61}.AppStore|iPhoneSimulator.ActiveCfg = Release|Any CPU
		{03B420CC-A2FF-4E9C-8BFC-2737463D6A61}.AppStore|iPhoneSimulator.Build.0 = Release|Any CPU
		{03B420CC-A2FF-4E9C-8BFC-2737463D6A61}.AppStore|x64.ActiveCfg = Release|Any CPU
		{03B420CC-A2FF-4E9C-8BFC-2737463D6A61}.AppStore|x64.Build.0 = Release|Any CPU
		{03B420CC-A2FF-4E9C-8BFC-2737463D6A61}.AppStore|x86.ActiveCfg = Release|Any CPU
		{03B420CC-A2FF-4E9C-8BFC-2737463D6A61}.AppStore|x86.Build.0 = Release|Any CPU
		{03B420CC-A2FF-4E9C-8BFC-2737463D6A61}.Debug|Any CPU.ActiveCfg = Debug|Any CPU
		{03B420CC-A2FF-4E9C-8BFC-2737463D6A61}.Debug|Any CPU.Build.0 = Debug|Any CPU
		{03B420CC-A2FF-4E9C-8BFC-2737463D6A61}.Debug|ARM.ActiveCfg = Debug|Any CPU
		{03B420CC-A2FF-4E9C-8BFC-2737463D6A61}.Debug|ARM.Build.0 = Debug|Any CPU
		{03B420CC-A2FF-4E9C-8BFC-2737463D6A61}.Debug|iPhone.ActiveCfg = Debug|Any CPU
		{03B420CC-A2FF-4E9C-8BFC-2737463D6A61}.Debug|iPhone.Build.0 = Debug|Any CPU
		{03B420CC-A2FF-4E9C-8BFC-2737463D6A61}.Debug|iPhoneSimulator.ActiveCfg = Debug|Any CPU
		{03B420CC-A2FF-4E9C-8BFC-2737463D6A61}.Debug|iPhoneSimulator.Build.0 = Debug|Any CPU
		{03B420CC-A2FF-4E9C-8BFC-2737463D6A61}.Debug|x64.ActiveCfg = Debug|Any CPU
		{03B420CC-A2FF-4E9C-8BFC-2737463D6A61}.Debug|x64.Build.0 = Debug|Any CPU
		{03B420CC-A2FF-4E9C-8BFC-2737463D6A61}.Debug|x86.ActiveCfg = Debug|Any CPU
		{03B420CC-A2FF-4E9C-8BFC-2737463D6A61}.Debug|x86.Build.0 = Debug|Any CPU
		{03B420CC-A2FF-4E9C-8BFC-2737463D6A61}.Release|Any CPU.ActiveCfg = Release|Any CPU
		{03B420CC-A2FF-4E9C-8BFC-2737463D6A61}.Release|Any CPU.Build.0 = Release|Any CPU
		{03B420CC-A2FF-4E9C-8BFC-2737463D6A61}.Release|ARM.ActiveCfg = Release|Any CPU
		{03B420CC-A2FF-4E9C-8BFC-2737463D6A61}.Release|ARM.Build.0 = Release|Any CPU
		{03B420CC-A2FF-4E9C-8BFC-2737463D6A61}.Release|iPhone.ActiveCfg = Release|Any CPU
		{03B420CC-A2FF-4E9C-8BFC-2737463D6A61}.Release|iPhone.Build.0 = Release|Any CPU
		{03B420CC-A2FF-4E9C-8BFC-2737463D6A61}.Release|iPhoneSimulator.ActiveCfg = Release|Any CPU
		{03B420CC-A2FF-4E9C-8BFC-2737463D6A61}.Release|iPhoneSimulator.Build.0 = Release|Any CPU
		{03B420CC-A2FF-4E9C-8BFC-2737463D6A61}.Release|x64.ActiveCfg = Release|Any CPU
		{03B420CC-A2FF-4E9C-8BFC-2737463D6A61}.Release|x64.Build.0 = Release|Any CPU
		{03B420CC-A2FF-4E9C-8BFC-2737463D6A61}.Release|x86.ActiveCfg = Release|Any CPU
		{03B420CC-A2FF-4E9C-8BFC-2737463D6A61}.Release|x86.Build.0 = Release|Any CPU
		{64679331-A864-463C-8934-CF1C7DC44138}.Ad-Hoc|Any CPU.ActiveCfg = Release|Any CPU
		{64679331-A864-463C-8934-CF1C7DC44138}.Ad-Hoc|Any CPU.Build.0 = Release|Any CPU
		{64679331-A864-463C-8934-CF1C7DC44138}.Ad-Hoc|Any CPU.Deploy.0 = Release|Any CPU
		{64679331-A864-463C-8934-CF1C7DC44138}.Ad-Hoc|ARM.ActiveCfg = Release|Any CPU
		{64679331-A864-463C-8934-CF1C7DC44138}.Ad-Hoc|ARM.Build.0 = Release|Any CPU
		{64679331-A864-463C-8934-CF1C7DC44138}.Ad-Hoc|ARM.Deploy.0 = Release|Any CPU
		{64679331-A864-463C-8934-CF1C7DC44138}.Ad-Hoc|iPhone.ActiveCfg = Release|Any CPU
		{64679331-A864-463C-8934-CF1C7DC44138}.Ad-Hoc|iPhone.Build.0 = Release|Any CPU
		{64679331-A864-463C-8934-CF1C7DC44138}.Ad-Hoc|iPhone.Deploy.0 = Release|Any CPU
		{64679331-A864-463C-8934-CF1C7DC44138}.Ad-Hoc|iPhoneSimulator.ActiveCfg = Release|Any CPU
		{64679331-A864-463C-8934-CF1C7DC44138}.Ad-Hoc|iPhoneSimulator.Build.0 = Release|Any CPU
		{64679331-A864-463C-8934-CF1C7DC44138}.Ad-Hoc|iPhoneSimulator.Deploy.0 = Release|Any CPU
		{64679331-A864-463C-8934-CF1C7DC44138}.Ad-Hoc|x64.ActiveCfg = Release|Any CPU
		{64679331-A864-463C-8934-CF1C7DC44138}.Ad-Hoc|x64.Build.0 = Release|Any CPU
		{64679331-A864-463C-8934-CF1C7DC44138}.Ad-Hoc|x64.Deploy.0 = Release|Any CPU
		{64679331-A864-463C-8934-CF1C7DC44138}.Ad-Hoc|x86.ActiveCfg = Release|Any CPU
		{64679331-A864-463C-8934-CF1C7DC44138}.Ad-Hoc|x86.Build.0 = Release|Any CPU
		{64679331-A864-463C-8934-CF1C7DC44138}.Ad-Hoc|x86.Deploy.0 = Release|Any CPU
		{64679331-A864-463C-8934-CF1C7DC44138}.AppStore|Any CPU.ActiveCfg = Release|Any CPU
		{64679331-A864-463C-8934-CF1C7DC44138}.AppStore|Any CPU.Build.0 = Release|Any CPU
		{64679331-A864-463C-8934-CF1C7DC44138}.AppStore|Any CPU.Deploy.0 = Release|Any CPU
		{64679331-A864-463C-8934-CF1C7DC44138}.AppStore|ARM.ActiveCfg = Release|Any CPU
		{64679331-A864-463C-8934-CF1C7DC44138}.AppStore|ARM.Build.0 = Release|Any CPU
		{64679331-A864-463C-8934-CF1C7DC44138}.AppStore|ARM.Deploy.0 = Release|Any CPU
		{64679331-A864-463C-8934-CF1C7DC44138}.AppStore|iPhone.ActiveCfg = Release|Any CPU
		{64679331-A864-463C-8934-CF1C7DC44138}.AppStore|iPhone.Build.0 = Release|Any CPU
		{64679331-A864-463C-8934-CF1C7DC44138}.AppStore|iPhone.Deploy.0 = Release|Any CPU
		{64679331-A864-463C-8934-CF1C7DC44138}.AppStore|iPhoneSimulator.ActiveCfg = Release|Any CPU
		{64679331-A864-463C-8934-CF1C7DC44138}.AppStore|iPhoneSimulator.Build.0 = Release|Any CPU
		{64679331-A864-463C-8934-CF1C7DC44138}.AppStore|iPhoneSimulator.Deploy.0 = Release|Any CPU
		{64679331-A864-463C-8934-CF1C7DC44138}.AppStore|x64.ActiveCfg = Release|Any CPU
		{64679331-A864-463C-8934-CF1C7DC44138}.AppStore|x64.Build.0 = Release|Any CPU
		{64679331-A864-463C-8934-CF1C7DC44138}.AppStore|x64.Deploy.0 = Release|Any CPU
		{64679331-A864-463C-8934-CF1C7DC44138}.AppStore|x86.ActiveCfg = Release|Any CPU
		{64679331-A864-463C-8934-CF1C7DC44138}.AppStore|x86.Build.0 = Release|Any CPU
		{64679331-A864-463C-8934-CF1C7DC44138}.AppStore|x86.Deploy.0 = Release|Any CPU
		{64679331-A864-463C-8934-CF1C7DC44138}.Debug|Any CPU.ActiveCfg = Debug|Any CPU
		{64679331-A864-463C-8934-CF1C7DC44138}.Debug|Any CPU.Build.0 = Debug|Any CPU
		{64679331-A864-463C-8934-CF1C7DC44138}.Debug|Any CPU.Deploy.0 = Debug|Any CPU
		{64679331-A864-463C-8934-CF1C7DC44138}.Debug|ARM.ActiveCfg = Debug|Any CPU
		{64679331-A864-463C-8934-CF1C7DC44138}.Debug|ARM.Build.0 = Debug|Any CPU
		{64679331-A864-463C-8934-CF1C7DC44138}.Debug|ARM.Deploy.0 = Debug|Any CPU
		{64679331-A864-463C-8934-CF1C7DC44138}.Debug|iPhone.ActiveCfg = Debug|Any CPU
		{64679331-A864-463C-8934-CF1C7DC44138}.Debug|iPhone.Build.0 = Debug|Any CPU
		{64679331-A864-463C-8934-CF1C7DC44138}.Debug|iPhone.Deploy.0 = Debug|Any CPU
		{64679331-A864-463C-8934-CF1C7DC44138}.Debug|iPhoneSimulator.ActiveCfg = Debug|Any CPU
		{64679331-A864-463C-8934-CF1C7DC44138}.Debug|iPhoneSimulator.Build.0 = Debug|Any CPU
		{64679331-A864-463C-8934-CF1C7DC44138}.Debug|iPhoneSimulator.Deploy.0 = Debug|Any CPU
		{64679331-A864-463C-8934-CF1C7DC44138}.Debug|x64.ActiveCfg = Debug|Any CPU
		{64679331-A864-463C-8934-CF1C7DC44138}.Debug|x64.Build.0 = Debug|Any CPU
		{64679331-A864-463C-8934-CF1C7DC44138}.Debug|x64.Deploy.0 = Debug|Any CPU
		{64679331-A864-463C-8934-CF1C7DC44138}.Debug|x86.ActiveCfg = Debug|Any CPU
		{64679331-A864-463C-8934-CF1C7DC44138}.Debug|x86.Build.0 = Debug|Any CPU
		{64679331-A864-463C-8934-CF1C7DC44138}.Debug|x86.Deploy.0 = Debug|Any CPU
		{64679331-A864-463C-8934-CF1C7DC44138}.Release|Any CPU.ActiveCfg = Release|Any CPU
		{64679331-A864-463C-8934-CF1C7DC44138}.Release|Any CPU.Build.0 = Release|Any CPU
		{64679331-A864-463C-8934-CF1C7DC44138}.Release|Any CPU.Deploy.0 = Release|Any CPU
		{64679331-A864-463C-8934-CF1C7DC44138}.Release|ARM.ActiveCfg = Release|Any CPU
		{64679331-A864-463C-8934-CF1C7DC44138}.Release|ARM.Build.0 = Release|Any CPU
		{64679331-A864-463C-8934-CF1C7DC44138}.Release|ARM.Deploy.0 = Release|Any CPU
		{64679331-A864-463C-8934-CF1C7DC44138}.Release|iPhone.ActiveCfg = Release|Any CPU
		{64679331-A864-463C-8934-CF1C7DC44138}.Release|iPhone.Build.0 = Release|Any CPU
		{64679331-A864-463C-8934-CF1C7DC44138}.Release|iPhone.Deploy.0 = Release|Any CPU
		{64679331-A864-463C-8934-CF1C7DC44138}.Release|iPhoneSimulator.ActiveCfg = Release|Any CPU
		{64679331-A864-463C-8934-CF1C7DC44138}.Release|iPhoneSimulator.Build.0 = Release|Any CPU
		{64679331-A864-463C-8934-CF1C7DC44138}.Release|iPhoneSimulator.Deploy.0 = Release|Any CPU
		{64679331-A864-463C-8934-CF1C7DC44138}.Release|x64.ActiveCfg = Release|Any CPU
		{64679331-A864-463C-8934-CF1C7DC44138}.Release|x64.Build.0 = Release|Any CPU
		{64679331-A864-463C-8934-CF1C7DC44138}.Release|x64.Deploy.0 = Release|Any CPU
		{64679331-A864-463C-8934-CF1C7DC44138}.Release|x86.ActiveCfg = Release|Any CPU
		{64679331-A864-463C-8934-CF1C7DC44138}.Release|x86.Build.0 = Release|Any CPU
		{64679331-A864-463C-8934-CF1C7DC44138}.Release|x86.Deploy.0 = Release|Any CPU
		{4A6B4C6F-1AD1-4674-9169-5B3E28FA7293}.Ad-Hoc|Any CPU.ActiveCfg = Ad-Hoc|iPhone
		{4A6B4C6F-1AD1-4674-9169-5B3E28FA7293}.Ad-Hoc|ARM.ActiveCfg = Ad-Hoc|iPhone
		{4A6B4C6F-1AD1-4674-9169-5B3E28FA7293}.Ad-Hoc|iPhone.ActiveCfg = Ad-Hoc|iPhone
		{4A6B4C6F-1AD1-4674-9169-5B3E28FA7293}.Ad-Hoc|iPhone.Build.0 = Ad-Hoc|iPhone
		{4A6B4C6F-1AD1-4674-9169-5B3E28FA7293}.Ad-Hoc|iPhoneSimulator.ActiveCfg = Ad-Hoc|iPhoneSimulator
		{4A6B4C6F-1AD1-4674-9169-5B3E28FA7293}.Ad-Hoc|iPhoneSimulator.Build.0 = Ad-Hoc|iPhoneSimulator
		{4A6B4C6F-1AD1-4674-9169-5B3E28FA7293}.Ad-Hoc|x64.ActiveCfg = Ad-Hoc|iPhone
		{4A6B4C6F-1AD1-4674-9169-5B3E28FA7293}.Ad-Hoc|x86.ActiveCfg = Ad-Hoc|iPhone
		{4A6B4C6F-1AD1-4674-9169-5B3E28FA7293}.AppStore|Any CPU.ActiveCfg = AppStore|iPhone
		{4A6B4C6F-1AD1-4674-9169-5B3E28FA7293}.AppStore|ARM.ActiveCfg = AppStore|iPhone
		{4A6B4C6F-1AD1-4674-9169-5B3E28FA7293}.AppStore|iPhone.ActiveCfg = AppStore|iPhone
		{4A6B4C6F-1AD1-4674-9169-5B3E28FA7293}.AppStore|iPhone.Build.0 = AppStore|iPhone
		{4A6B4C6F-1AD1-4674-9169-5B3E28FA7293}.AppStore|iPhoneSimulator.ActiveCfg = AppStore|iPhoneSimulator
		{4A6B4C6F-1AD1-4674-9169-5B3E28FA7293}.AppStore|iPhoneSimulator.Build.0 = AppStore|iPhoneSimulator
		{4A6B4C6F-1AD1-4674-9169-5B3E28FA7293}.AppStore|x64.ActiveCfg = AppStore|iPhone
		{4A6B4C6F-1AD1-4674-9169-5B3E28FA7293}.AppStore|x86.ActiveCfg = AppStore|iPhone
		{4A6B4C6F-1AD1-4674-9169-5B3E28FA7293}.Debug|Any CPU.ActiveCfg = Debug|iPhone
		{4A6B4C6F-1AD1-4674-9169-5B3E28FA7293}.Debug|ARM.ActiveCfg = Debug|iPhone
		{4A6B4C6F-1AD1-4674-9169-5B3E28FA7293}.Debug|iPhone.ActiveCfg = Debug|iPhone
		{4A6B4C6F-1AD1-4674-9169-5B3E28FA7293}.Debug|iPhone.Build.0 = Debug|iPhone
		{4A6B4C6F-1AD1-4674-9169-5B3E28FA7293}.Debug|iPhoneSimulator.ActiveCfg = Debug|iPhoneSimulator
		{4A6B4C6F-1AD1-4674-9169-5B3E28FA7293}.Debug|iPhoneSimulator.Build.0 = Debug|iPhoneSimulator
		{4A6B4C6F-1AD1-4674-9169-5B3E28FA7293}.Debug|x64.ActiveCfg = Debug|iPhone
		{4A6B4C6F-1AD1-4674-9169-5B3E28FA7293}.Debug|x86.ActiveCfg = Debug|iPhone
		{4A6B4C6F-1AD1-4674-9169-5B3E28FA7293}.Release|Any CPU.ActiveCfg = Release|iPhone
		{4A6B4C6F-1AD1-4674-9169-5B3E28FA7293}.Release|ARM.ActiveCfg = Release|iPhone
		{4A6B4C6F-1AD1-4674-9169-5B3E28FA7293}.Release|iPhone.ActiveCfg = Release|iPhone
		{4A6B4C6F-1AD1-4674-9169-5B3E28FA7293}.Release|iPhone.Build.0 = Release|iPhone
		{4A6B4C6F-1AD1-4674-9169-5B3E28FA7293}.Release|iPhoneSimulator.ActiveCfg = Release|iPhoneSimulator
		{4A6B4C6F-1AD1-4674-9169-5B3E28FA7293}.Release|iPhoneSimulator.Build.0 = Release|iPhoneSimulator
		{4A6B4C6F-1AD1-4674-9169-5B3E28FA7293}.Release|x64.ActiveCfg = Release|iPhone
		{4A6B4C6F-1AD1-4674-9169-5B3E28FA7293}.Release|x86.ActiveCfg = Release|iPhone
		{6DF4B7E4-A263-483D-A8C8-74347DD3EA9A}.Ad-Hoc|Any CPU.ActiveCfg = Release|x86
		{6DF4B7E4-A263-483D-A8C8-74347DD3EA9A}.Ad-Hoc|Any CPU.Build.0 = Release|x86
		{6DF4B7E4-A263-483D-A8C8-74347DD3EA9A}.Ad-Hoc|Any CPU.Deploy.0 = Release|x86
		{6DF4B7E4-A263-483D-A8C8-74347DD3EA9A}.Ad-Hoc|ARM.ActiveCfg = Release|ARM
		{6DF4B7E4-A263-483D-A8C8-74347DD3EA9A}.Ad-Hoc|ARM.Build.0 = Release|ARM
		{6DF4B7E4-A263-483D-A8C8-74347DD3EA9A}.Ad-Hoc|ARM.Deploy.0 = Release|ARM
		{6DF4B7E4-A263-483D-A8C8-74347DD3EA9A}.Ad-Hoc|iPhone.ActiveCfg = Release|x86
		{6DF4B7E4-A263-483D-A8C8-74347DD3EA9A}.Ad-Hoc|iPhone.Build.0 = Release|x86
		{6DF4B7E4-A263-483D-A8C8-74347DD3EA9A}.Ad-Hoc|iPhone.Deploy.0 = Release|x86
		{6DF4B7E4-A263-483D-A8C8-74347DD3EA9A}.Ad-Hoc|iPhoneSimulator.ActiveCfg = Release|x86
		{6DF4B7E4-A263-483D-A8C8-74347DD3EA9A}.Ad-Hoc|iPhoneSimulator.Build.0 = Release|x86
		{6DF4B7E4-A263-483D-A8C8-74347DD3EA9A}.Ad-Hoc|iPhoneSimulator.Deploy.0 = Release|x86
		{6DF4B7E4-A263-483D-A8C8-74347DD3EA9A}.Ad-Hoc|x64.ActiveCfg = Release|x64
		{6DF4B7E4-A263-483D-A8C8-74347DD3EA9A}.Ad-Hoc|x64.Build.0 = Release|x64
		{6DF4B7E4-A263-483D-A8C8-74347DD3EA9A}.Ad-Hoc|x64.Deploy.0 = Release|x64
		{6DF4B7E4-A263-483D-A8C8-74347DD3EA9A}.Ad-Hoc|x86.ActiveCfg = Release|x86
		{6DF4B7E4-A263-483D-A8C8-74347DD3EA9A}.Ad-Hoc|x86.Build.0 = Release|x86
		{6DF4B7E4-A263-483D-A8C8-74347DD3EA9A}.Ad-Hoc|x86.Deploy.0 = Release|x86
		{6DF4B7E4-A263-483D-A8C8-74347DD3EA9A}.AppStore|Any CPU.ActiveCfg = Release|x86
		{6DF4B7E4-A263-483D-A8C8-74347DD3EA9A}.AppStore|Any CPU.Build.0 = Release|x86
		{6DF4B7E4-A263-483D-A8C8-74347DD3EA9A}.AppStore|Any CPU.Deploy.0 = Release|x86
		{6DF4B7E4-A263-483D-A8C8-74347DD3EA9A}.AppStore|ARM.ActiveCfg = Release|ARM
		{6DF4B7E4-A263-483D-A8C8-74347DD3EA9A}.AppStore|ARM.Build.0 = Release|ARM
		{6DF4B7E4-A263-483D-A8C8-74347DD3EA9A}.AppStore|ARM.Deploy.0 = Release|ARM
		{6DF4B7E4-A263-483D-A8C8-74347DD3EA9A}.AppStore|iPhone.ActiveCfg = Release|x86
		{6DF4B7E4-A263-483D-A8C8-74347DD3EA9A}.AppStore|iPhone.Build.0 = Release|x86
		{6DF4B7E4-A263-483D-A8C8-74347DD3EA9A}.AppStore|iPhone.Deploy.0 = Release|x86
		{6DF4B7E4-A263-483D-A8C8-74347DD3EA9A}.AppStore|iPhoneSimulator.ActiveCfg = Release|x86
		{6DF4B7E4-A263-483D-A8C8-74347DD3EA9A}.AppStore|iPhoneSimulator.Build.0 = Release|x86
		{6DF4B7E4-A263-483D-A8C8-74347DD3EA9A}.AppStore|iPhoneSimulator.Deploy.0 = Release|x86
		{6DF4B7E4-A263-483D-A8C8-74347DD3EA9A}.AppStore|x64.ActiveCfg = Release|x64
		{6DF4B7E4-A263-483D-A8C8-74347DD3EA9A}.AppStore|x64.Build.0 = Release|x64
		{6DF4B7E4-A263-483D-A8C8-74347DD3EA9A}.AppStore|x64.Deploy.0 = Release|x64
		{6DF4B7E4-A263-483D-A8C8-74347DD3EA9A}.AppStore|x86.ActiveCfg = Release|x86
		{6DF4B7E4-A263-483D-A8C8-74347DD3EA9A}.AppStore|x86.Build.0 = Release|x86
		{6DF4B7E4-A263-483D-A8C8-74347DD3EA9A}.AppStore|x86.Deploy.0 = Release|x86
		{6DF4B7E4-A263-483D-A8C8-74347DD3EA9A}.Debug|Any CPU.ActiveCfg = Debug|x86
		{6DF4B7E4-A263-483D-A8C8-74347DD3EA9A}.Debug|ARM.ActiveCfg = Debug|ARM
		{6DF4B7E4-A263-483D-A8C8-74347DD3EA9A}.Debug|ARM.Build.0 = Debug|ARM
		{6DF4B7E4-A263-483D-A8C8-74347DD3EA9A}.Debug|ARM.Deploy.0 = Debug|ARM
		{6DF4B7E4-A263-483D-A8C8-74347DD3EA9A}.Debug|iPhone.ActiveCfg = Debug|x86
		{6DF4B7E4-A263-483D-A8C8-74347DD3EA9A}.Debug|iPhoneSimulator.ActiveCfg = Debug|x86
		{6DF4B7E4-A263-483D-A8C8-74347DD3EA9A}.Debug|x64.ActiveCfg = Debug|x64
		{6DF4B7E4-A263-483D-A8C8-74347DD3EA9A}.Debug|x64.Build.0 = Debug|x64
		{6DF4B7E4-A263-483D-A8C8-74347DD3EA9A}.Debug|x64.Deploy.0 = Debug|x64
		{6DF4B7E4-A263-483D-A8C8-74347DD3EA9A}.Debug|x86.ActiveCfg = Debug|x86
		{6DF4B7E4-A263-483D-A8C8-74347DD3EA9A}.Debug|x86.Build.0 = Debug|x86
		{6DF4B7E4-A263-483D-A8C8-74347DD3EA9A}.Debug|x86.Deploy.0 = Debug|x86
		{6DF4B7E4-A263-483D-A8C8-74347DD3EA9A}.Release|Any CPU.ActiveCfg = Release|x86
		{6DF4B7E4-A263-483D-A8C8-74347DD3EA9A}.Release|ARM.ActiveCfg = Release|ARM
		{6DF4B7E4-A263-483D-A8C8-74347DD3EA9A}.Release|ARM.Build.0 = Release|ARM
		{6DF4B7E4-A263-483D-A8C8-74347DD3EA9A}.Release|ARM.Deploy.0 = Release|ARM
		{6DF4B7E4-A263-483D-A8C8-74347DD3EA9A}.Release|iPhone.ActiveCfg = Release|x86
		{6DF4B7E4-A263-483D-A8C8-74347DD3EA9A}.Release|iPhoneSimulator.ActiveCfg = Release|x86
		{6DF4B7E4-A263-483D-A8C8-74347DD3EA9A}.Release|x64.ActiveCfg = Release|x64
		{6DF4B7E4-A263-483D-A8C8-74347DD3EA9A}.Release|x64.Build.0 = Release|x64
		{6DF4B7E4-A263-483D-A8C8-74347DD3EA9A}.Release|x64.Deploy.0 = Release|x64
		{6DF4B7E4-A263-483D-A8C8-74347DD3EA9A}.Release|x86.ActiveCfg = Release|x86
		{6DF4B7E4-A263-483D-A8C8-74347DD3EA9A}.Release|x86.Build.0 = Release|x86
		{6DF4B7E4-A263-483D-A8C8-74347DD3EA9A}.Release|x86.Deploy.0 = Release|x86
		{2E4C9637-46DE-4FFC-8060-92F18CADDEAE}.Ad-Hoc|Any CPU.ActiveCfg = Debug|Any CPU
		{2E4C9637-46DE-4FFC-8060-92F18CADDEAE}.Ad-Hoc|Any CPU.Build.0 = Debug|Any CPU
		{2E4C9637-46DE-4FFC-8060-92F18CADDEAE}.Ad-Hoc|ARM.ActiveCfg = Debug|Any CPU
		{2E4C9637-46DE-4FFC-8060-92F18CADDEAE}.Ad-Hoc|ARM.Build.0 = Debug|Any CPU
		{2E4C9637-46DE-4FFC-8060-92F18CADDEAE}.Ad-Hoc|iPhone.ActiveCfg = Debug|Any CPU
		{2E4C9637-46DE-4FFC-8060-92F18CADDEAE}.Ad-Hoc|iPhone.Build.0 = Debug|Any CPU
		{2E4C9637-46DE-4FFC-8060-92F18CADDEAE}.Ad-Hoc|iPhoneSimulator.ActiveCfg = Debug|Any CPU
		{2E4C9637-46DE-4FFC-8060-92F18CADDEAE}.Ad-Hoc|iPhoneSimulator.Build.0 = Debug|Any CPU
		{2E4C9637-46DE-4FFC-8060-92F18CADDEAE}.Ad-Hoc|x64.ActiveCfg = Debug|Any CPU
		{2E4C9637-46DE-4FFC-8060-92F18CADDEAE}.Ad-Hoc|x64.Build.0 = Debug|Any CPU
		{2E4C9637-46DE-4FFC-8060-92F18CADDEAE}.Ad-Hoc|x86.ActiveCfg = Debug|Any CPU
		{2E4C9637-46DE-4FFC-8060-92F18CADDEAE}.Ad-Hoc|x86.Build.0 = Debug|Any CPU
		{2E4C9637-46DE-4FFC-8060-92F18CADDEAE}.AppStore|Any CPU.ActiveCfg = Debug|Any CPU
		{2E4C9637-46DE-4FFC-8060-92F18CADDEAE}.AppStore|Any CPU.Build.0 = Debug|Any CPU
		{2E4C9637-46DE-4FFC-8060-92F18CADDEAE}.AppStore|ARM.ActiveCfg = Debug|Any CPU
		{2E4C9637-46DE-4FFC-8060-92F18CADDEAE}.AppStore|ARM.Build.0 = Debug|Any CPU
		{2E4C9637-46DE-4FFC-8060-92F18CADDEAE}.AppStore|iPhone.ActiveCfg = Debug|Any CPU
		{2E4C9637-46DE-4FFC-8060-92F18CADDEAE}.AppStore|iPhone.Build.0 = Debug|Any CPU
		{2E4C9637-46DE-4FFC-8060-92F18CADDEAE}.AppStore|iPhoneSimulator.ActiveCfg = Debug|Any CPU
		{2E4C9637-46DE-4FFC-8060-92F18CADDEAE}.AppStore|iPhoneSimulator.Build.0 = Debug|Any CPU
		{2E4C9637-46DE-4FFC-8060-92F18CADDEAE}.AppStore|x64.ActiveCfg = Debug|Any CPU
		{2E4C9637-46DE-4FFC-8060-92F18CADDEAE}.AppStore|x64.Build.0 = Debug|Any CPU
		{2E4C9637-46DE-4FFC-8060-92F18CADDEAE}.AppStore|x86.ActiveCfg = Debug|Any CPU
		{2E4C9637-46DE-4FFC-8060-92F18CADDEAE}.AppStore|x86.Build.0 = Debug|Any CPU
		{2E4C9637-46DE-4FFC-8060-92F18CADDEAE}.Debug|Any CPU.ActiveCfg = Debug|Any CPU
		{2E4C9637-46DE-4FFC-8060-92F18CADDEAE}.Debug|Any CPU.Build.0 = Debug|Any CPU
		{2E4C9637-46DE-4FFC-8060-92F18CADDEAE}.Debug|ARM.ActiveCfg = Debug|Any CPU
		{2E4C9637-46DE-4FFC-8060-92F18CADDEAE}.Debug|ARM.Build.0 = Debug|Any CPU
		{2E4C9637-46DE-4FFC-8060-92F18CADDEAE}.Debug|iPhone.ActiveCfg = Debug|Any CPU
		{2E4C9637-46DE-4FFC-8060-92F18CADDEAE}.Debug|iPhone.Build.0 = Debug|Any CPU
		{2E4C9637-46DE-4FFC-8060-92F18CADDEAE}.Debug|iPhoneSimulator.ActiveCfg = Debug|Any CPU
		{2E4C9637-46DE-4FFC-8060-92F18CADDEAE}.Debug|iPhoneSimulator.Build.0 = Debug|Any CPU
		{2E4C9637-46DE-4FFC-8060-92F18CADDEAE}.Debug|x64.ActiveCfg = Debug|Any CPU
		{2E4C9637-46DE-4FFC-8060-92F18CADDEAE}.Debug|x64.Build.0 = Debug|Any CPU
		{2E4C9637-46DE-4FFC-8060-92F18CADDEAE}.Debug|x86.ActiveCfg = Debug|Any CPU
		{2E4C9637-46DE-4FFC-8060-92F18CADDEAE}.Debug|x86.Build.0 = Debug|Any CPU
		{2E4C9637-46DE-4FFC-8060-92F18CADDEAE}.Release|Any CPU.ActiveCfg = Release|Any CPU
		{2E4C9637-46DE-4FFC-8060-92F18CADDEAE}.Release|Any CPU.Build.0 = Release|Any CPU
		{2E4C9637-46DE-4FFC-8060-92F18CADDEAE}.Release|ARM.ActiveCfg = Release|Any CPU
		{2E4C9637-46DE-4FFC-8060-92F18CADDEAE}.Release|ARM.Build.0 = Release|Any CPU
		{2E4C9637-46DE-4FFC-8060-92F18CADDEAE}.Release|iPhone.ActiveCfg = Release|Any CPU
		{2E4C9637-46DE-4FFC-8060-92F18CADDEAE}.Release|iPhone.Build.0 = Release|Any CPU
		{2E4C9637-46DE-4FFC-8060-92F18CADDEAE}.Release|iPhoneSimulator.ActiveCfg = Release|Any CPU
		{2E4C9637-46DE-4FFC-8060-92F18CADDEAE}.Release|iPhoneSimulator.Build.0 = Release|Any CPU
		{2E4C9637-46DE-4FFC-8060-92F18CADDEAE}.Release|x64.ActiveCfg = Release|Any CPU
		{2E4C9637-46DE-4FFC-8060-92F18CADDEAE}.Release|x64.Build.0 = Release|Any CPU
		{2E4C9637-46DE-4FFC-8060-92F18CADDEAE}.Release|x86.ActiveCfg = Release|Any CPU
		{2E4C9637-46DE-4FFC-8060-92F18CADDEAE}.Release|x86.Build.0 = Release|Any CPU
		{436582A2-9AF9-4256-99C3-DAB7E0E02BDC}.Ad-Hoc|Any CPU.ActiveCfg = Debug|Any CPU
		{436582A2-9AF9-4256-99C3-DAB7E0E02BDC}.Ad-Hoc|Any CPU.Build.0 = Debug|Any CPU
		{436582A2-9AF9-4256-99C3-DAB7E0E02BDC}.Ad-Hoc|ARM.ActiveCfg = Debug|Any CPU
		{436582A2-9AF9-4256-99C3-DAB7E0E02BDC}.Ad-Hoc|ARM.Build.0 = Debug|Any CPU
		{436582A2-9AF9-4256-99C3-DAB7E0E02BDC}.Ad-Hoc|iPhone.ActiveCfg = Debug|Any CPU
		{436582A2-9AF9-4256-99C3-DAB7E0E02BDC}.Ad-Hoc|iPhone.Build.0 = Debug|Any CPU
		{436582A2-9AF9-4256-99C3-DAB7E0E02BDC}.Ad-Hoc|iPhoneSimulator.ActiveCfg = Debug|Any CPU
		{436582A2-9AF9-4256-99C3-DAB7E0E02BDC}.Ad-Hoc|iPhoneSimulator.Build.0 = Debug|Any CPU
		{436582A2-9AF9-4256-99C3-DAB7E0E02BDC}.Ad-Hoc|x64.ActiveCfg = Debug|Any CPU
		{436582A2-9AF9-4256-99C3-DAB7E0E02BDC}.Ad-Hoc|x64.Build.0 = Debug|Any CPU
		{436582A2-9AF9-4256-99C3-DAB7E0E02BDC}.Ad-Hoc|x86.ActiveCfg = Debug|Any CPU
		{436582A2-9AF9-4256-99C3-DAB7E0E02BDC}.Ad-Hoc|x86.Build.0 = Debug|Any CPU
		{436582A2-9AF9-4256-99C3-DAB7E0E02BDC}.AppStore|Any CPU.ActiveCfg = Debug|Any CPU
		{436582A2-9AF9-4256-99C3-DAB7E0E02BDC}.AppStore|Any CPU.Build.0 = Debug|Any CPU
		{436582A2-9AF9-4256-99C3-DAB7E0E02BDC}.AppStore|ARM.ActiveCfg = Debug|Any CPU
		{436582A2-9AF9-4256-99C3-DAB7E0E02BDC}.AppStore|ARM.Build.0 = Debug|Any CPU
		{436582A2-9AF9-4256-99C3-DAB7E0E02BDC}.AppStore|iPhone.ActiveCfg = Debug|Any CPU
		{436582A2-9AF9-4256-99C3-DAB7E0E02BDC}.AppStore|iPhone.Build.0 = Debug|Any CPU
		{436582A2-9AF9-4256-99C3-DAB7E0E02BDC}.AppStore|iPhoneSimulator.ActiveCfg = Debug|Any CPU
		{436582A2-9AF9-4256-99C3-DAB7E0E02BDC}.AppStore|iPhoneSimulator.Build.0 = Debug|Any CPU
		{436582A2-9AF9-4256-99C3-DAB7E0E02BDC}.AppStore|x64.ActiveCfg = Debug|Any CPU
		{436582A2-9AF9-4256-99C3-DAB7E0E02BDC}.AppStore|x64.Build.0 = Debug|Any CPU
		{436582A2-9AF9-4256-99C3-DAB7E0E02BDC}.AppStore|x86.ActiveCfg = Debug|Any CPU
		{436582A2-9AF9-4256-99C3-DAB7E0E02BDC}.AppStore|x86.Build.0 = Debug|Any CPU
		{436582A2-9AF9-4256-99C3-DAB7E0E02BDC}.Debug|Any CPU.ActiveCfg = Debug|Any CPU
		{436582A2-9AF9-4256-99C3-DAB7E0E02BDC}.Debug|Any CPU.Build.0 = Debug|Any CPU
		{436582A2-9AF9-4256-99C3-DAB7E0E02BDC}.Debug|ARM.ActiveCfg = Debug|Any CPU
		{436582A2-9AF9-4256-99C3-DAB7E0E02BDC}.Debug|ARM.Build.0 = Debug|Any CPU
		{436582A2-9AF9-4256-99C3-DAB7E0E02BDC}.Debug|iPhone.ActiveCfg = Debug|Any CPU
		{436582A2-9AF9-4256-99C3-DAB7E0E02BDC}.Debug|iPhone.Build.0 = Debug|Any CPU
		{436582A2-9AF9-4256-99C3-DAB7E0E02BDC}.Debug|iPhoneSimulator.ActiveCfg = Debug|Any CPU
		{436582A2-9AF9-4256-99C3-DAB7E0E02BDC}.Debug|iPhoneSimulator.Build.0 = Debug|Any CPU
		{436582A2-9AF9-4256-99C3-DAB7E0E02BDC}.Debug|x64.ActiveCfg = Debug|Any CPU
		{436582A2-9AF9-4256-99C3-DAB7E0E02BDC}.Debug|x64.Build.0 = Debug|Any CPU
		{436582A2-9AF9-4256-99C3-DAB7E0E02BDC}.Debug|x86.ActiveCfg = Debug|Any CPU
		{436582A2-9AF9-4256-99C3-DAB7E0E02BDC}.Debug|x86.Build.0 = Debug|Any CPU
		{436582A2-9AF9-4256-99C3-DAB7E0E02BDC}.Release|Any CPU.ActiveCfg = Release|Any CPU
		{436582A2-9AF9-4256-99C3-DAB7E0E02BDC}.Release|Any CPU.Build.0 = Release|Any CPU
		{436582A2-9AF9-4256-99C3-DAB7E0E02BDC}.Release|ARM.ActiveCfg = Release|Any CPU
		{436582A2-9AF9-4256-99C3-DAB7E0E02BDC}.Release|ARM.Build.0 = Release|Any CPU
		{436582A2-9AF9-4256-99C3-DAB7E0E02BDC}.Release|iPhone.ActiveCfg = Release|Any CPU
		{436582A2-9AF9-4256-99C3-DAB7E0E02BDC}.Release|iPhone.Build.0 = Release|Any CPU
		{436582A2-9AF9-4256-99C3-DAB7E0E02BDC}.Release|iPhoneSimulator.ActiveCfg = Release|Any CPU
		{436582A2-9AF9-4256-99C3-DAB7E0E02BDC}.Release|iPhoneSimulator.Build.0 = Release|Any CPU
		{436582A2-9AF9-4256-99C3-DAB7E0E02BDC}.Release|x64.ActiveCfg = Release|Any CPU
		{436582A2-9AF9-4256-99C3-DAB7E0E02BDC}.Release|x64.Build.0 = Release|Any CPU
		{436582A2-9AF9-4256-99C3-DAB7E0E02BDC}.Release|x86.ActiveCfg = Release|Any CPU
		{436582A2-9AF9-4256-99C3-DAB7E0E02BDC}.Release|x86.Build.0 = Release|Any CPU
		{52E74ACE-38FB-48A1-BEC6-1A16EACEDA51}.Ad-Hoc|Any CPU.ActiveCfg = Debug|Any CPU
		{52E74ACE-38FB-48A1-BEC6-1A16EACEDA51}.Ad-Hoc|Any CPU.Build.0 = Debug|Any CPU
		{52E74ACE-38FB-48A1-BEC6-1A16EACEDA51}.Ad-Hoc|ARM.ActiveCfg = Debug|Any CPU
		{52E74ACE-38FB-48A1-BEC6-1A16EACEDA51}.Ad-Hoc|ARM.Build.0 = Debug|Any CPU
		{52E74ACE-38FB-48A1-BEC6-1A16EACEDA51}.Ad-Hoc|iPhone.ActiveCfg = Debug|Any CPU
		{52E74ACE-38FB-48A1-BEC6-1A16EACEDA51}.Ad-Hoc|iPhone.Build.0 = Debug|Any CPU
		{52E74ACE-38FB-48A1-BEC6-1A16EACEDA51}.Ad-Hoc|iPhoneSimulator.ActiveCfg = Debug|Any CPU
		{52E74ACE-38FB-48A1-BEC6-1A16EACEDA51}.Ad-Hoc|iPhoneSimulator.Build.0 = Debug|Any CPU
		{52E74ACE-38FB-48A1-BEC6-1A16EACEDA51}.Ad-Hoc|x64.ActiveCfg = Debug|Any CPU
		{52E74ACE-38FB-48A1-BEC6-1A16EACEDA51}.Ad-Hoc|x64.Build.0 = Debug|Any CPU
		{52E74ACE-38FB-48A1-BEC6-1A16EACEDA51}.Ad-Hoc|x86.ActiveCfg = Debug|Any CPU
		{52E74ACE-38FB-48A1-BEC6-1A16EACEDA51}.Ad-Hoc|x86.Build.0 = Debug|Any CPU
		{52E74ACE-38FB-48A1-BEC6-1A16EACEDA51}.AppStore|Any CPU.ActiveCfg = Debug|Any CPU
		{52E74ACE-38FB-48A1-BEC6-1A16EACEDA51}.AppStore|Any CPU.Build.0 = Debug|Any CPU
		{52E74ACE-38FB-48A1-BEC6-1A16EACEDA51}.AppStore|ARM.ActiveCfg = Debug|Any CPU
		{52E74ACE-38FB-48A1-BEC6-1A16EACEDA51}.AppStore|ARM.Build.0 = Debug|Any CPU
		{52E74ACE-38FB-48A1-BEC6-1A16EACEDA51}.AppStore|iPhone.ActiveCfg = Debug|Any CPU
		{52E74ACE-38FB-48A1-BEC6-1A16EACEDA51}.AppStore|iPhone.Build.0 = Debug|Any CPU
		{52E74ACE-38FB-48A1-BEC6-1A16EACEDA51}.AppStore|iPhoneSimulator.ActiveCfg = Debug|Any CPU
		{52E74ACE-38FB-48A1-BEC6-1A16EACEDA51}.AppStore|iPhoneSimulator.Build.0 = Debug|Any CPU
		{52E74ACE-38FB-48A1-BEC6-1A16EACEDA51}.AppStore|x64.ActiveCfg = Debug|Any CPU
		{52E74ACE-38FB-48A1-BEC6-1A16EACEDA51}.AppStore|x64.Build.0 = Debug|Any CPU
		{52E74ACE-38FB-48A1-BEC6-1A16EACEDA51}.AppStore|x86.ActiveCfg = Debug|Any CPU
		{52E74ACE-38FB-48A1-BEC6-1A16EACEDA51}.AppStore|x86.Build.0 = Debug|Any CPU
		{52E74ACE-38FB-48A1-BEC6-1A16EACEDA51}.Debug|Any CPU.ActiveCfg = Debug|Any CPU
		{52E74ACE-38FB-48A1-BEC6-1A16EACEDA51}.Debug|Any CPU.Build.0 = Debug|Any CPU
		{52E74ACE-38FB-48A1-BEC6-1A16EACEDA51}.Debug|ARM.ActiveCfg = Debug|Any CPU
		{52E74ACE-38FB-48A1-BEC6-1A16EACEDA51}.Debug|ARM.Build.0 = Debug|Any CPU
		{52E74ACE-38FB-48A1-BEC6-1A16EACEDA51}.Debug|iPhone.ActiveCfg = Debug|Any CPU
		{52E74ACE-38FB-48A1-BEC6-1A16EACEDA51}.Debug|iPhone.Build.0 = Debug|Any CPU
		{52E74ACE-38FB-48A1-BEC6-1A16EACEDA51}.Debug|iPhoneSimulator.ActiveCfg = Debug|Any CPU
		{52E74ACE-38FB-48A1-BEC6-1A16EACEDA51}.Debug|iPhoneSimulator.Build.0 = Debug|Any CPU
		{52E74ACE-38FB-48A1-BEC6-1A16EACEDA51}.Debug|x64.ActiveCfg = Debug|Any CPU
		{52E74ACE-38FB-48A1-BEC6-1A16EACEDA51}.Debug|x64.Build.0 = Debug|Any CPU
		{52E74ACE-38FB-48A1-BEC6-1A16EACEDA51}.Debug|x86.ActiveCfg = Debug|Any CPU
		{52E74ACE-38FB-48A1-BEC6-1A16EACEDA51}.Debug|x86.Build.0 = Debug|Any CPU
		{52E74ACE-38FB-48A1-BEC6-1A16EACEDA51}.Release|Any CPU.ActiveCfg = Release|Any CPU
		{52E74ACE-38FB-48A1-BEC6-1A16EACEDA51}.Release|Any CPU.Build.0 = Release|Any CPU
		{52E74ACE-38FB-48A1-BEC6-1A16EACEDA51}.Release|ARM.ActiveCfg = Release|Any CPU
		{52E74ACE-38FB-48A1-BEC6-1A16EACEDA51}.Release|ARM.Build.0 = Release|Any CPU
		{52E74ACE-38FB-48A1-BEC6-1A16EACEDA51}.Release|iPhone.ActiveCfg = Release|Any CPU
		{52E74ACE-38FB-48A1-BEC6-1A16EACEDA51}.Release|iPhone.Build.0 = Release|Any CPU
		{52E74ACE-38FB-48A1-BEC6-1A16EACEDA51}.Release|iPhoneSimulator.ActiveCfg = Release|Any CPU
		{52E74ACE-38FB-48A1-BEC6-1A16EACEDA51}.Release|iPhoneSimulator.Build.0 = Release|Any CPU
		{52E74ACE-38FB-48A1-BEC6-1A16EACEDA51}.Release|x64.ActiveCfg = Release|Any CPU
		{52E74ACE-38FB-48A1-BEC6-1A16EACEDA51}.Release|x64.Build.0 = Release|Any CPU
		{52E74ACE-38FB-48A1-BEC6-1A16EACEDA51}.Release|x86.ActiveCfg = Release|Any CPU
		{52E74ACE-38FB-48A1-BEC6-1A16EACEDA51}.Release|x86.Build.0 = Release|Any CPU
		{F0A95A92-DA64-4E59-A6F1-E41FD09F26B3}.Ad-Hoc|Any CPU.ActiveCfg = Release|Any CPU
		{F0A95A92-DA64-4E59-A6F1-E41FD09F26B3}.Ad-Hoc|Any CPU.Build.0 = Release|Any CPU
		{F0A95A92-DA64-4E59-A6F1-E41FD09F26B3}.Ad-Hoc|ARM.ActiveCfg = Release|Any CPU
		{F0A95A92-DA64-4E59-A6F1-E41FD09F26B3}.Ad-Hoc|ARM.Build.0 = Release|Any CPU
		{F0A95A92-DA64-4E59-A6F1-E41FD09F26B3}.Ad-Hoc|iPhone.ActiveCfg = Release|Any CPU
		{F0A95A92-DA64-4E59-A6F1-E41FD09F26B3}.Ad-Hoc|iPhone.Build.0 = Release|Any CPU
		{F0A95A92-DA64-4E59-A6F1-E41FD09F26B3}.Ad-Hoc|iPhoneSimulator.ActiveCfg = Release|Any CPU
		{F0A95A92-DA64-4E59-A6F1-E41FD09F26B3}.Ad-Hoc|iPhoneSimulator.Build.0 = Release|Any CPU
		{F0A95A92-DA64-4E59-A6F1-E41FD09F26B3}.Ad-Hoc|x64.ActiveCfg = Release|Any CPU
		{F0A95A92-DA64-4E59-A6F1-E41FD09F26B3}.Ad-Hoc|x64.Build.0 = Release|Any CPU
		{F0A95A92-DA64-4E59-A6F1-E41FD09F26B3}.Ad-Hoc|x86.ActiveCfg = Release|Any CPU
		{F0A95A92-DA64-4E59-A6F1-E41FD09F26B3}.Ad-Hoc|x86.Build.0 = Release|Any CPU
		{F0A95A92-DA64-4E59-A6F1-E41FD09F26B3}.AppStore|Any CPU.ActiveCfg = Release|Any CPU
		{F0A95A92-DA64-4E59-A6F1-E41FD09F26B3}.AppStore|Any CPU.Build.0 = Release|Any CPU
		{F0A95A92-DA64-4E59-A6F1-E41FD09F26B3}.AppStore|ARM.ActiveCfg = Release|Any CPU
		{F0A95A92-DA64-4E59-A6F1-E41FD09F26B3}.AppStore|ARM.Build.0 = Release|Any CPU
		{F0A95A92-DA64-4E59-A6F1-E41FD09F26B3}.AppStore|iPhone.ActiveCfg = Release|Any CPU
		{F0A95A92-DA64-4E59-A6F1-E41FD09F26B3}.AppStore|iPhone.Build.0 = Release|Any CPU
		{F0A95A92-DA64-4E59-A6F1-E41FD09F26B3}.AppStore|iPhoneSimulator.ActiveCfg = Release|Any CPU
		{F0A95A92-DA64-4E59-A6F1-E41FD09F26B3}.AppStore|iPhoneSimulator.Build.0 = Release|Any CPU
		{F0A95A92-DA64-4E59-A6F1-E41FD09F26B3}.AppStore|x64.ActiveCfg = Release|Any CPU
		{F0A95A92-DA64-4E59-A6F1-E41FD09F26B3}.AppStore|x64.Build.0 = Release|Any CPU
		{F0A95A92-DA64-4E59-A6F1-E41FD09F26B3}.AppStore|x86.ActiveCfg = Release|Any CPU
		{F0A95A92-DA64-4E59-A6F1-E41FD09F26B3}.AppStore|x86.Build.0 = Release|Any CPU
		{F0A95A92-DA64-4E59-A6F1-E41FD09F26B3}.Debug|Any CPU.ActiveCfg = Debug|Any CPU
		{F0A95A92-DA64-4E59-A6F1-E41FD09F26B3}.Debug|Any CPU.Build.0 = Debug|Any CPU
		{F0A95A92-DA64-4E59-A6F1-E41FD09F26B3}.Debug|ARM.ActiveCfg = Debug|Any CPU
		{F0A95A92-DA64-4E59-A6F1-E41FD09F26B3}.Debug|ARM.Build.0 = Debug|Any CPU
		{F0A95A92-DA64-4E59-A6F1-E41FD09F26B3}.Debug|iPhone.ActiveCfg = Debug|Any CPU
		{F0A95A92-DA64-4E59-A6F1-E41FD09F26B3}.Debug|iPhone.Build.0 = Debug|Any CPU
		{F0A95A92-DA64-4E59-A6F1-E41FD09F26B3}.Debug|iPhoneSimulator.ActiveCfg = Debug|Any CPU
		{F0A95A92-DA64-4E59-A6F1-E41FD09F26B3}.Debug|iPhoneSimulator.Build.0 = Debug|Any CPU
		{F0A95A92-DA64-4E59-A6F1-E41FD09F26B3}.Debug|x64.ActiveCfg = Debug|Any CPU
		{F0A95A92-DA64-4E59-A6F1-E41FD09F26B3}.Debug|x64.Build.0 = Debug|Any CPU
		{F0A95A92-DA64-4E59-A6F1-E41FD09F26B3}.Debug|x86.ActiveCfg = Debug|Any CPU
		{F0A95A92-DA64-4E59-A6F1-E41FD09F26B3}.Debug|x86.Build.0 = Debug|Any CPU
		{F0A95A92-DA64-4E59-A6F1-E41FD09F26B3}.Release|Any CPU.ActiveCfg = Release|Any CPU
		{F0A95A92-DA64-4E59-A6F1-E41FD09F26B3}.Release|Any CPU.Build.0 = Release|Any CPU
		{F0A95A92-DA64-4E59-A6F1-E41FD09F26B3}.Release|ARM.ActiveCfg = Release|Any CPU
		{F0A95A92-DA64-4E59-A6F1-E41FD09F26B3}.Release|ARM.Build.0 = Release|Any CPU
		{F0A95A92-DA64-4E59-A6F1-E41FD09F26B3}.Release|iPhone.ActiveCfg = Release|Any CPU
		{F0A95A92-DA64-4E59-A6F1-E41FD09F26B3}.Release|iPhone.Build.0 = Release|Any CPU
		{F0A95A92-DA64-4E59-A6F1-E41FD09F26B3}.Release|iPhoneSimulator.ActiveCfg = Release|Any CPU
		{F0A95A92-DA64-4E59-A6F1-E41FD09F26B3}.Release|iPhoneSimulator.Build.0 = Release|Any CPU
		{F0A95A92-DA64-4E59-A6F1-E41FD09F26B3}.Release|x64.ActiveCfg = Release|Any CPU
		{F0A95A92-DA64-4E59-A6F1-E41FD09F26B3}.Release|x64.Build.0 = Release|Any CPU
		{F0A95A92-DA64-4E59-A6F1-E41FD09F26B3}.Release|x86.ActiveCfg = Release|Any CPU
		{F0A95A92-DA64-4E59-A6F1-E41FD09F26B3}.Release|x86.Build.0 = Release|Any CPU
		{BBB87CC7-6F79-4B82-9333-695F301484CC}.Ad-Hoc|Any CPU.ActiveCfg = Release|Any CPU
		{BBB87CC7-6F79-4B82-9333-695F301484CC}.Ad-Hoc|Any CPU.Build.0 = Release|Any CPU
		{BBB87CC7-6F79-4B82-9333-695F301484CC}.Ad-Hoc|ARM.ActiveCfg = Release|Any CPU
		{BBB87CC7-6F79-4B82-9333-695F301484CC}.Ad-Hoc|ARM.Build.0 = Release|Any CPU
		{BBB87CC7-6F79-4B82-9333-695F301484CC}.Ad-Hoc|iPhone.ActiveCfg = Release|Any CPU
		{BBB87CC7-6F79-4B82-9333-695F301484CC}.Ad-Hoc|iPhone.Build.0 = Release|Any CPU
		{BBB87CC7-6F79-4B82-9333-695F301484CC}.Ad-Hoc|iPhoneSimulator.ActiveCfg = Release|Any CPU
		{BBB87CC7-6F79-4B82-9333-695F301484CC}.Ad-Hoc|iPhoneSimulator.Build.0 = Release|Any CPU
		{BBB87CC7-6F79-4B82-9333-695F301484CC}.Ad-Hoc|x64.ActiveCfg = Release|Any CPU
		{BBB87CC7-6F79-4B82-9333-695F301484CC}.Ad-Hoc|x64.Build.0 = Release|Any CPU
		{BBB87CC7-6F79-4B82-9333-695F301484CC}.Ad-Hoc|x86.ActiveCfg = Release|Any CPU
		{BBB87CC7-6F79-4B82-9333-695F301484CC}.Ad-Hoc|x86.Build.0 = Release|Any CPU
		{BBB87CC7-6F79-4B82-9333-695F301484CC}.AppStore|Any CPU.ActiveCfg = Release|Any CPU
		{BBB87CC7-6F79-4B82-9333-695F301484CC}.AppStore|Any CPU.Build.0 = Release|Any CPU
		{BBB87CC7-6F79-4B82-9333-695F301484CC}.AppStore|ARM.ActiveCfg = Release|Any CPU
		{BBB87CC7-6F79-4B82-9333-695F301484CC}.AppStore|ARM.Build.0 = Release|Any CPU
		{BBB87CC7-6F79-4B82-9333-695F301484CC}.AppStore|iPhone.ActiveCfg = Release|Any CPU
		{BBB87CC7-6F79-4B82-9333-695F301484CC}.AppStore|iPhone.Build.0 = Release|Any CPU
		{BBB87CC7-6F79-4B82-9333-695F301484CC}.AppStore|iPhoneSimulator.ActiveCfg = Release|Any CPU
		{BBB87CC7-6F79-4B82-9333-695F301484CC}.AppStore|iPhoneSimulator.Build.0 = Release|Any CPU
		{BBB87CC7-6F79-4B82-9333-695F301484CC}.AppStore|x64.ActiveCfg = Release|Any CPU
		{BBB87CC7-6F79-4B82-9333-695F301484CC}.AppStore|x64.Build.0 = Release|Any CPU
		{BBB87CC7-6F79-4B82-9333-695F301484CC}.AppStore|x86.ActiveCfg = Release|Any CPU
		{BBB87CC7-6F79-4B82-9333-695F301484CC}.AppStore|x86.Build.0 = Release|Any CPU
		{BBB87CC7-6F79-4B82-9333-695F301484CC}.Debug|Any CPU.ActiveCfg = Debug|Any CPU
		{BBB87CC7-6F79-4B82-9333-695F301484CC}.Debug|Any CPU.Build.0 = Debug|Any CPU
		{BBB87CC7-6F79-4B82-9333-695F301484CC}.Debug|ARM.ActiveCfg = Debug|Any CPU
		{BBB87CC7-6F79-4B82-9333-695F301484CC}.Debug|ARM.Build.0 = Debug|Any CPU
		{BBB87CC7-6F79-4B82-9333-695F301484CC}.Debug|iPhone.ActiveCfg = Debug|Any CPU
		{BBB87CC7-6F79-4B82-9333-695F301484CC}.Debug|iPhone.Build.0 = Debug|Any CPU
		{BBB87CC7-6F79-4B82-9333-695F301484CC}.Debug|iPhoneSimulator.ActiveCfg = Debug|Any CPU
		{BBB87CC7-6F79-4B82-9333-695F301484CC}.Debug|iPhoneSimulator.Build.0 = Debug|Any CPU
		{BBB87CC7-6F79-4B82-9333-695F301484CC}.Debug|x64.ActiveCfg = Debug|Any CPU
		{BBB87CC7-6F79-4B82-9333-695F301484CC}.Debug|x64.Build.0 = Debug|Any CPU
		{BBB87CC7-6F79-4B82-9333-695F301484CC}.Debug|x86.ActiveCfg = Debug|Any CPU
		{BBB87CC7-6F79-4B82-9333-695F301484CC}.Debug|x86.Build.0 = Debug|Any CPU
		{BBB87CC7-6F79-4B82-9333-695F301484CC}.Release|Any CPU.ActiveCfg = Release|Any CPU
		{BBB87CC7-6F79-4B82-9333-695F301484CC}.Release|Any CPU.Build.0 = Release|Any CPU
		{BBB87CC7-6F79-4B82-9333-695F301484CC}.Release|ARM.ActiveCfg = Release|Any CPU
		{BBB87CC7-6F79-4B82-9333-695F301484CC}.Release|ARM.Build.0 = Release|Any CPU
		{BBB87CC7-6F79-4B82-9333-695F301484CC}.Release|iPhone.ActiveCfg = Release|Any CPU
		{BBB87CC7-6F79-4B82-9333-695F301484CC}.Release|iPhone.Build.0 = Release|Any CPU
		{BBB87CC7-6F79-4B82-9333-695F301484CC}.Release|iPhoneSimulator.ActiveCfg = Release|Any CPU
		{BBB87CC7-6F79-4B82-9333-695F301484CC}.Release|iPhoneSimulator.Build.0 = Release|Any CPU
		{BBB87CC7-6F79-4B82-9333-695F301484CC}.Release|x64.ActiveCfg = Release|Any CPU
		{BBB87CC7-6F79-4B82-9333-695F301484CC}.Release|x64.Build.0 = Release|Any CPU
		{BBB87CC7-6F79-4B82-9333-695F301484CC}.Release|x86.ActiveCfg = Release|Any CPU
		{BBB87CC7-6F79-4B82-9333-695F301484CC}.Release|x86.Build.0 = Release|Any CPU
		{CF06202B-DC43-4039-9024-D2D224AA8D25}.Ad-Hoc|Any CPU.ActiveCfg = Debug|Any CPU
		{CF06202B-DC43-4039-9024-D2D224AA8D25}.Ad-Hoc|Any CPU.Build.0 = Debug|Any CPU
		{CF06202B-DC43-4039-9024-D2D224AA8D25}.Ad-Hoc|ARM.ActiveCfg = Debug|Any CPU
		{CF06202B-DC43-4039-9024-D2D224AA8D25}.Ad-Hoc|ARM.Build.0 = Debug|Any CPU
		{CF06202B-DC43-4039-9024-D2D224AA8D25}.Ad-Hoc|iPhone.ActiveCfg = Debug|Any CPU
		{CF06202B-DC43-4039-9024-D2D224AA8D25}.Ad-Hoc|iPhone.Build.0 = Debug|Any CPU
		{CF06202B-DC43-4039-9024-D2D224AA8D25}.Ad-Hoc|iPhoneSimulator.ActiveCfg = Debug|Any CPU
		{CF06202B-DC43-4039-9024-D2D224AA8D25}.Ad-Hoc|iPhoneSimulator.Build.0 = Debug|Any CPU
		{CF06202B-DC43-4039-9024-D2D224AA8D25}.Ad-Hoc|x64.ActiveCfg = Debug|Any CPU
		{CF06202B-DC43-4039-9024-D2D224AA8D25}.Ad-Hoc|x64.Build.0 = Debug|Any CPU
		{CF06202B-DC43-4039-9024-D2D224AA8D25}.Ad-Hoc|x86.ActiveCfg = Debug|Any CPU
		{CF06202B-DC43-4039-9024-D2D224AA8D25}.Ad-Hoc|x86.Build.0 = Debug|Any CPU
		{CF06202B-DC43-4039-9024-D2D224AA8D25}.AppStore|Any CPU.ActiveCfg = Debug|Any CPU
		{CF06202B-DC43-4039-9024-D2D224AA8D25}.AppStore|Any CPU.Build.0 = Debug|Any CPU
		{CF06202B-DC43-4039-9024-D2D224AA8D25}.AppStore|ARM.ActiveCfg = Debug|Any CPU
		{CF06202B-DC43-4039-9024-D2D224AA8D25}.AppStore|ARM.Build.0 = Debug|Any CPU
		{CF06202B-DC43-4039-9024-D2D224AA8D25}.AppStore|iPhone.ActiveCfg = Debug|Any CPU
		{CF06202B-DC43-4039-9024-D2D224AA8D25}.AppStore|iPhone.Build.0 = Debug|Any CPU
		{CF06202B-DC43-4039-9024-D2D224AA8D25}.AppStore|iPhoneSimulator.ActiveCfg = Debug|Any CPU
		{CF06202B-DC43-4039-9024-D2D224AA8D25}.AppStore|iPhoneSimulator.Build.0 = Debug|Any CPU
		{CF06202B-DC43-4039-9024-D2D224AA8D25}.AppStore|x64.ActiveCfg = Debug|Any CPU
		{CF06202B-DC43-4039-9024-D2D224AA8D25}.AppStore|x64.Build.0 = Debug|Any CPU
		{CF06202B-DC43-4039-9024-D2D224AA8D25}.AppStore|x86.ActiveCfg = Debug|Any CPU
		{CF06202B-DC43-4039-9024-D2D224AA8D25}.AppStore|x86.Build.0 = Debug|Any CPU
		{CF06202B-DC43-4039-9024-D2D224AA8D25}.Debug|Any CPU.ActiveCfg = Debug|Any CPU
		{CF06202B-DC43-4039-9024-D2D224AA8D25}.Debug|Any CPU.Build.0 = Debug|Any CPU
		{CF06202B-DC43-4039-9024-D2D224AA8D25}.Debug|ARM.ActiveCfg = Debug|Any CPU
		{CF06202B-DC43-4039-9024-D2D224AA8D25}.Debug|ARM.Build.0 = Debug|Any CPU
		{CF06202B-DC43-4039-9024-D2D224AA8D25}.Debug|iPhone.ActiveCfg = Debug|Any CPU
		{CF06202B-DC43-4039-9024-D2D224AA8D25}.Debug|iPhone.Build.0 = Debug|Any CPU
		{CF06202B-DC43-4039-9024-D2D224AA8D25}.Debug|iPhoneSimulator.ActiveCfg = Debug|Any CPU
		{CF06202B-DC43-4039-9024-D2D224AA8D25}.Debug|iPhoneSimulator.Build.0 = Debug|Any CPU
		{CF06202B-DC43-4039-9024-D2D224AA8D25}.Debug|x64.ActiveCfg = Debug|Any CPU
		{CF06202B-DC43-4039-9024-D2D224AA8D25}.Debug|x64.Build.0 = Debug|Any CPU
		{CF06202B-DC43-4039-9024-D2D224AA8D25}.Debug|x86.ActiveCfg = Debug|Any CPU
		{CF06202B-DC43-4039-9024-D2D224AA8D25}.Debug|x86.Build.0 = Debug|Any CPU
		{CF06202B-DC43-4039-9024-D2D224AA8D25}.Release|Any CPU.ActiveCfg = Release|Any CPU
		{CF06202B-DC43-4039-9024-D2D224AA8D25}.Release|Any CPU.Build.0 = Release|Any CPU
		{CF06202B-DC43-4039-9024-D2D224AA8D25}.Release|ARM.ActiveCfg = Release|Any CPU
		{CF06202B-DC43-4039-9024-D2D224AA8D25}.Release|ARM.Build.0 = Release|Any CPU
		{CF06202B-DC43-4039-9024-D2D224AA8D25}.Release|iPhone.ActiveCfg = Release|Any CPU
		{CF06202B-DC43-4039-9024-D2D224AA8D25}.Release|iPhone.Build.0 = Release|Any CPU
		{CF06202B-DC43-4039-9024-D2D224AA8D25}.Release|iPhoneSimulator.ActiveCfg = Release|Any CPU
		{CF06202B-DC43-4039-9024-D2D224AA8D25}.Release|iPhoneSimulator.Build.0 = Release|Any CPU
		{CF06202B-DC43-4039-9024-D2D224AA8D25}.Release|x64.ActiveCfg = Release|Any CPU
		{CF06202B-DC43-4039-9024-D2D224AA8D25}.Release|x64.Build.0 = Release|Any CPU
		{CF06202B-DC43-4039-9024-D2D224AA8D25}.Release|x86.ActiveCfg = Release|Any CPU
		{CF06202B-DC43-4039-9024-D2D224AA8D25}.Release|x86.Build.0 = Release|Any CPU
	EndGlobalSection
	GlobalSection(SolutionProperties) = preSolution
		HideSolutionNode = FALSE
	EndGlobalSection
	GlobalSection(NestedProjects) = preSolution
		{2A105C99-4985-4450-B102-F11F4A4080EF} = {0306F295-2400-4850-8C6F-F5CCA770EADC}
		{2CE429B0-F7E4-4CBF-AE3D-56DA63CEF2A0} = {0306F295-2400-4850-8C6F-F5CCA770EADC}
		{03B420CC-A2FF-4E9C-8BFC-2737463D6A61} = {0306F295-2400-4850-8C6F-F5CCA770EADC}
		{64679331-A864-463C-8934-CF1C7DC44138} = {8341AE04-0426-4915-AD93-26EEE8B83C31}
		{4A6B4C6F-1AD1-4674-9169-5B3E28FA7293} = {8341AE04-0426-4915-AD93-26EEE8B83C31}
		{6DF4B7E4-A263-483D-A8C8-74347DD3EA9A} = {8341AE04-0426-4915-AD93-26EEE8B83C31}
		{2E4C9637-46DE-4FFC-8060-92F18CADDEAE} = {8341AE04-0426-4915-AD93-26EEE8B83C31}
		{436582A2-9AF9-4256-99C3-DAB7E0E02BDC} = {8341AE04-0426-4915-AD93-26EEE8B83C31}
		{52E74ACE-38FB-48A1-BEC6-1A16EACEDA51} = {8341AE04-0426-4915-AD93-26EEE8B83C31}
		{F0A95A92-DA64-4E59-A6F1-E41FD09F26B3} = {0306F295-2400-4850-8C6F-F5CCA770EADC}
		{BBB87CC7-6F79-4B82-9333-695F301484CC} = {C83114F4-2EBB-4EA6-9092-ED34876C5A57}
		{CF06202B-DC43-4039-9024-D2D224AA8D25} = {8341AE04-0426-4915-AD93-26EEE8B83C31}
	EndGlobalSection
	GlobalSection(ExtensibilityGlobals) = postSolution
		SolutionGuid = {235CD2A6-BE64-4F88-AED7-6A988BA1C014}
	EndGlobalSection
EndGlobal
