
Microsoft Visual Studio Solution File, Format Version 12.00
# Visual Studio 15
VisualStudioVersion = 15.0.27428.2037
MinimumVisualStudioVersion = 10.0.40219.1
Project("{FAE04EC0-301F-11D3-BF4B-00C04F79EFBC}") = "Navision.ControleDocument.Android", "Navision.ControleDocument\Navision.ControleDocument.Android\Navision.ControleDocument.Android.csproj", "{8E1EC2E2-0228-4D02-8209-E4389574D770}"
EndProject
Project("{FAE04EC0-301F-11D3-BF4B-00C04F79EFBC}") = "Navision.ControleDocument.iOS", "Navision.ControleDocument\Navision.ControleDocument.iOS\Navision.ControleDocument.iOS.csproj", "{B41F1DFF-5B3A-41FF-A216-AE51C5A872DD}"
EndProject
Project("{FAE04EC0-301F-11D3-BF4B-00C04F79EFBC}") = "Navision.ControleDocument.UWP", "Navision.ControleDocument\Navision.ControleDocument.UWP\Navision.ControleDocument.UWP.csproj", "{FE3C827A-EB8E-4B96-A3D6-31A5AB302167}"
EndProject
Project("{FAE04EC0-301F-11D3-BF4B-00C04F79EFBC}") = "Navision.ControleDocument", "Navision.ControleDocument\Navision.ControleDocument\Navision.ControleDocument.csproj", "{54BC0F1E-176C-400B-A3F0-F49C58A8DEE9}"
EndProject
Global
	GlobalSection(SolutionConfigurationPlatforms) = preSolution
		Ad-Hoc|Any CPU = Ad-Hoc|Any CPU
		Ad-Hoc|ARM = Ad-Hoc|ARM
		Ad-Hoc|iPhone = Ad-Hoc|iPhone
		Ad-Hoc|iPhoneSimulator = Ad-Hoc|iPhoneSimulator
		Ad-Hoc|x64 = Ad-Hoc|x64
		Ad-Hoc|x86 = Ad-Hoc|x86
		AppStore|Any CPU = AppStore|Any CPU
		AppStore|ARM = AppStore|ARM
		AppStore|iPhone = AppStore|iPhone
		AppStore|iPhoneSimulator = AppStore|iPhoneSimulator
		AppStore|x64 = AppStore|x64
		AppStore|x86 = AppStore|x86
		Debug|Any CPU = Debug|Any CPU
		Debug|ARM = Debug|ARM
		Debug|iPhone = Debug|iPhone
		Debug|iPhoneSimulator = Debug|iPhoneSimulator
		Debug|x64 = Debug|x64
		Debug|x86 = Debug|x86
		Release|Any CPU = Release|Any CPU
		Release|ARM = Release|ARM
		Release|iPhone = Release|iPhone
		Release|iPhoneSimulator = Release|iPhoneSimulator
		Release|x64 = Release|x64
		Release|x86 = Release|x86
	EndGlobalSection
	GlobalSection(ProjectConfigurationPlatforms) = postSolution
		{8E1EC2E2-0228-4D02-8209-E4389574D770}.Ad-Hoc|Any CPU.ActiveCfg = Release|Any CPU
		{8E1EC2E2-0228-4D02-8209-E4389574D770}.Ad-Hoc|Any CPU.Build.0 = Release|Any CPU
		{8E1EC2E2-0228-4D02-8209-E4389574D770}.Ad-Hoc|Any CPU.Deploy.0 = Release|Any CPU
		{8E1EC2E2-0228-4D02-8209-E4389574D770}.Ad-Hoc|ARM.ActiveCfg = Release|Any CPU
		{8E1EC2E2-0228-4D02-8209-E4389574D770}.Ad-Hoc|ARM.Build.0 = Release|Any CPU
		{8E1EC2E2-0228-4D02-8209-E4389574D770}.Ad-Hoc|ARM.Deploy.0 = Release|Any CPU
		{8E1EC2E2-0228-4D02-8209-E4389574D770}.Ad-Hoc|iPhone.ActiveCfg = Release|Any CPU
		{8E1EC2E2-0228-4D02-8209-E4389574D770}.Ad-Hoc|iPhone.Build.0 = Release|Any CPU
		{8E1EC2E2-0228-4D02-8209-E4389574D770}.Ad-Hoc|iPhone.Deploy.0 = Release|Any CPU
		{8E1EC2E2-0228-4D02-8209-E4389574D770}.Ad-Hoc|iPhoneSimulator.ActiveCfg = Release|Any CPU
		{8E1EC2E2-0228-4D02-8209-E4389574D770}.Ad-Hoc|iPhoneSimulator.Build.0 = Release|Any CPU
		{8E1EC2E2-0228-4D02-8209-E4389574D770}.Ad-Hoc|iPhoneSimulator.Deploy.0 = Release|Any CPU
		{8E1EC2E2-0228-4D02-8209-E4389574D770}.Ad-Hoc|x64.ActiveCfg = Release|Any CPU
		{8E1EC2E2-0228-4D02-8209-E4389574D770}.Ad-Hoc|x64.Build.0 = Release|Any CPU
		{8E1EC2E2-0228-4D02-8209-E4389574D770}.Ad-Hoc|x64.Deploy.0 = Release|Any CPU
		{8E1EC2E2-0228-4D02-8209-E4389574D770}.Ad-Hoc|x86.ActiveCfg = Release|Any CPU
		{8E1EC2E2-0228-4D02-8209-E4389574D770}.Ad-Hoc|x86.Build.0 = Release|Any CPU
		{8E1EC2E2-0228-4D02-8209-E4389574D770}.Ad-Hoc|x86.Deploy.0 = Release|Any CPU
		{8E1EC2E2-0228-4D02-8209-E4389574D770}.AppStore|Any CPU.ActiveCfg = Release|Any CPU
		{8E1EC2E2-0228-4D02-8209-E4389574D770}.AppStore|Any CPU.Build.0 = Release|Any CPU
		{8E1EC2E2-0228-4D02-8209-E4389574D770}.AppStore|Any CPU.Deploy.0 = Release|Any CPU
		{8E1EC2E2-0228-4D02-8209-E4389574D770}.AppStore|ARM.ActiveCfg = Release|Any CPU
		{8E1EC2E2-0228-4D02-8209-E4389574D770}.AppStore|ARM.Build.0 = Release|Any CPU
		{8E1EC2E2-0228-4D02-8209-E4389574D770}.AppStore|ARM.Deploy.0 = Release|Any CPU
		{8E1EC2E2-0228-4D02-8209-E4389574D770}.AppStore|iPhone.ActiveCfg = Release|Any CPU
		{8E1EC2E2-0228-4D02-8209-E4389574D770}.AppStore|iPhone.Build.0 = Release|Any CPU
		{8E1EC2E2-0228-4D02-8209-E4389574D770}.AppStore|iPhone.Deploy.0 = Release|Any CPU
		{8E1EC2E2-0228-4D02-8209-E4389574D770}.AppStore|iPhoneSimulator.ActiveCfg = Release|Any CPU
		{8E1EC2E2-0228-4D02-8209-E4389574D770}.AppStore|iPhoneSimulator.Build.0 = Release|Any CPU
		{8E1EC2E2-0228-4D02-8209-E4389574D770}.AppStore|iPhoneSimulator.Deploy.0 = Release|Any CPU
		{8E1EC2E2-0228-4D02-8209-E4389574D770}.AppStore|x64.ActiveCfg = Release|Any CPU
		{8E1EC2E2-0228-4D02-8209-E4389574D770}.AppStore|x64.Build.0 = Release|Any CPU
		{8E1EC2E2-0228-4D02-8209-E4389574D770}.AppStore|x64.Deploy.0 = Release|Any CPU
		{8E1EC2E2-0228-4D02-8209-E4389574D770}.AppStore|x86.ActiveCfg = Release|Any CPU
		{8E1EC2E2-0228-4D02-8209-E4389574D770}.AppStore|x86.Build.0 = Release|Any CPU
		{8E1EC2E2-0228-4D02-8209-E4389574D770}.AppStore|x86.Deploy.0 = Release|Any CPU
		{8E1EC2E2-0228-4D02-8209-E4389574D770}.Debug|Any CPU.ActiveCfg = Debug|Any CPU
		{8E1EC2E2-0228-4D02-8209-E4389574D770}.Debug|Any CPU.Build.0 = Debug|Any CPU
		{8E1EC2E2-0228-4D02-8209-E4389574D770}.Debug|Any CPU.Deploy.0 = Debug|Any CPU
		{8E1EC2E2-0228-4D02-8209-E4389574D770}.Debug|ARM.ActiveCfg = Debug|Any CPU
		{8E1EC2E2-0228-4D02-8209-E4389574D770}.Debug|ARM.Build.0 = Debug|Any CPU
		{8E1EC2E2-0228-4D02-8209-E4389574D770}.Debug|ARM.Deploy.0 = Debug|Any CPU
		{8E1EC2E2-0228-4D02-8209-E4389574D770}.Debug|iPhone.ActiveCfg = Debug|Any CPU
		{8E1EC2E2-0228-4D02-8209-E4389574D770}.Debug|iPhone.Build.0 = Debug|Any CPU
		{8E1EC2E2-0228-4D02-8209-E4389574D770}.Debug|iPhone.Deploy.0 = Debug|Any CPU
		{8E1EC2E2-0228-4D02-8209-E4389574D770}.Debug|iPhoneSimulator.ActiveCfg = Debug|Any CPU
		{8E1EC2E2-0228-4D02-8209-E4389574D770}.Debug|iPhoneSimulator.Build.0 = Debug|Any CPU
		{8E1EC2E2-0228-4D02-8209-E4389574D770}.Debug|iPhoneSimulator.Deploy.0 = Debug|Any CPU
		{8E1EC2E2-0228-4D02-8209-E4389574D770}.Debug|x64.ActiveCfg = Debug|Any CPU
		{8E1EC2E2-0228-4D02-8209-E4389574D770}.Debug|x64.Build.0 = Debug|Any CPU
		{8E1EC2E2-0228-4D02-8209-E4389574D770}.Debug|x64.Deploy.0 = Debug|Any CPU
		{8E1EC2E2-0228-4D02-8209-E4389574D770}.Debug|x86.ActiveCfg = Debug|Any CPU
		{8E1EC2E2-0228-4D02-8209-E4389574D770}.Debug|x86.Build.0 = Debug|Any CPU
		{8E1EC2E2-0228-4D02-8209-E4389574D770}.Debug|x86.Deploy.0 = Debug|Any CPU
		{8E1EC2E2-0228-4D02-8209-E4389574D770}.Release|Any CPU.ActiveCfg = Release|Any CPU
		{8E1EC2E2-0228-4D02-8209-E4389574D770}.Release|Any CPU.Build.0 = Release|Any CPU
		{8E1EC2E2-0228-4D02-8209-E4389574D770}.Release|Any CPU.Deploy.0 = Release|Any CPU
		{8E1EC2E2-0228-4D02-8209-E4389574D770}.Release|ARM.ActiveCfg = Release|Any CPU
		{8E1EC2E2-0228-4D02-8209-E4389574D770}.Release|ARM.Build.0 = Release|Any CPU
		{8E1EC2E2-0228-4D02-8209-E4389574D770}.Release|ARM.Deploy.0 = Release|Any CPU
		{8E1EC2E2-0228-4D02-8209-E4389574D770}.Release|iPhone.ActiveCfg = Release|Any CPU
		{8E1EC2E2-0228-4D02-8209-E4389574D770}.Release|iPhone.Build.0 = Release|Any CPU
		{8E1EC2E2-0228-4D02-8209-E4389574D770}.Release|iPhone.Deploy.0 = Release|Any CPU
		{8E1EC2E2-0228-4D02-8209-E4389574D770}.Release|iPhoneSimulator.ActiveCfg = Release|Any CPU
		{8E1EC2E2-0228-4D02-8209-E4389574D770}.Release|iPhoneSimulator.Build.0 = Release|Any CPU
		{8E1EC2E2-0228-4D02-8209-E4389574D770}.Release|iPhoneSimulator.Deploy.0 = Release|Any CPU
		{8E1EC2E2-0228-4D02-8209-E4389574D770}.Release|x64.ActiveCfg = Release|Any CPU
		{8E1EC2E2-0228-4D02-8209-E4389574D770}.Release|x64.Build.0 = Release|Any CPU
		{8E1EC2E2-0228-4D02-8209-E4389574D770}.Release|x64.Deploy.0 = Release|Any CPU
		{8E1EC2E2-0228-4D02-8209-E4389574D770}.Release|x86.ActiveCfg = Release|Any CPU
		{8E1EC2E2-0228-4D02-8209-E4389574D770}.Release|x86.Build.0 = Release|Any CPU
		{8E1EC2E2-0228-4D02-8209-E4389574D770}.Release|x86.Deploy.0 = Release|Any CPU
		{B41F1DFF-5B3A-41FF-A216-AE51C5A872DD}.Ad-Hoc|Any CPU.ActiveCfg = Ad-Hoc|iPhone
		{B41F1DFF-5B3A-41FF-A216-AE51C5A872DD}.Ad-Hoc|ARM.ActiveCfg = Ad-Hoc|iPhone
		{B41F1DFF-5B3A-41FF-A216-AE51C5A872DD}.Ad-Hoc|iPhone.ActiveCfg = Ad-Hoc|iPhone
		{B41F1DFF-5B3A-41FF-A216-AE51C5A872DD}.Ad-Hoc|iPhone.Build.0 = Ad-Hoc|iPhone
		{B41F1DFF-5B3A-41FF-A216-AE51C5A872DD}.Ad-Hoc|iPhoneSimulator.ActiveCfg = Ad-Hoc|iPhoneSimulator
		{B41F1DFF-5B3A-41FF-A216-AE51C5A872DD}.Ad-Hoc|iPhoneSimulator.Build.0 = Ad-Hoc|iPhoneSimulator
		{B41F1DFF-5B3A-41FF-A216-AE51C5A872DD}.Ad-Hoc|x64.ActiveCfg = Ad-Hoc|iPhone
		{B41F1DFF-5B3A-41FF-A216-AE51C5A872DD}.Ad-Hoc|x86.ActiveCfg = Ad-Hoc|iPhone
		{B41F1DFF-5B3A-41FF-A216-AE51C5A872DD}.AppStore|Any CPU.ActiveCfg = AppStore|iPhone
		{B41F1DFF-5B3A-41FF-A216-AE51C5A872DD}.AppStore|ARM.ActiveCfg = AppStore|iPhone
		{B41F1DFF-5B3A-41FF-A216-AE51C5A872DD}.AppStore|iPhone.ActiveCfg = AppStore|iPhone
		{B41F1DFF-5B3A-41FF-A216-AE51C5A872DD}.AppStore|iPhone.Build.0 = AppStore|iPhone
		{B41F1DFF-5B3A-41FF-A216-AE51C5A872DD}.AppStore|iPhoneSimulator.ActiveCfg = AppStore|iPhoneSimulator
		{B41F1DFF-5B3A-41FF-A216-AE51C5A872DD}.AppStore|iPhoneSimulator.Build.0 = AppStore|iPhoneSimulator
		{B41F1DFF-5B3A-41FF-A216-AE51C5A872DD}.AppStore|x64.ActiveCfg = AppStore|iPhone
		{B41F1DFF-5B3A-41FF-A216-AE51C5A872DD}.AppStore|x86.ActiveCfg = AppStore|iPhone
		{B41F1DFF-5B3A-41FF-A216-AE51C5A872DD}.Debug|Any CPU.ActiveCfg = Debug|iPhone
		{B41F1DFF-5B3A-41FF-A216-AE51C5A872DD}.Debug|ARM.ActiveCfg = Debug|iPhone
		{B41F1DFF-5B3A-41FF-A216-AE51C5A872DD}.Debug|iPhone.ActiveCfg = Debug|iPhone
		{B41F1DFF-5B3A-41FF-A216-AE51C5A872DD}.Debug|iPhone.Build.0 = Debug|iPhone
		{B41F1DFF-5B3A-41FF-A216-AE51C5A872DD}.Debug|iPhoneSimulator.ActiveCfg = Debug|iPhoneSimulator
		{B41F1DFF-5B3A-41FF-A216-AE51C5A872DD}.Debug|iPhoneSimulator.Build.0 = Debug|iPhoneSimulator
		{B41F1DFF-5B3A-41FF-A216-AE51C5A872DD}.Debug|x64.ActiveCfg = Debug|iPhone
		{B41F1DFF-5B3A-41FF-A216-AE51C5A872DD}.Debug|x86.ActiveCfg = Debug|iPhone
		{B41F1DFF-5B3A-41FF-A216-AE51C5A872DD}.Release|Any CPU.ActiveCfg = Release|iPhone
		{B41F1DFF-5B3A-41FF-A216-AE51C5A872DD}.Release|ARM.ActiveCfg = Release|iPhone
		{B41F1DFF-5B3A-41FF-A216-AE51C5A872DD}.Release|iPhone.ActiveCfg = Release|iPhone
		{B41F1DFF-5B3A-41FF-A216-AE51C5A872DD}.Release|iPhone.Build.0 = Release|iPhone
		{B41F1DFF-5B3A-41FF-A216-AE51C5A872DD}.Release|iPhoneSimulator.ActiveCfg = Release|iPhoneSimulator
		{B41F1DFF-5B3A-41FF-A216-AE51C5A872DD}.Release|iPhoneSimulator.Build.0 = Release|iPhoneSimulator
		{B41F1DFF-5B3A-41FF-A216-AE51C5A872DD}.Release|x64.ActiveCfg = Release|iPhone
		{B41F1DFF-5B3A-41FF-A216-AE51C5A872DD}.Release|x86.ActiveCfg = Release|iPhone
		{FE3C827A-EB8E-4B96-A3D6-31A5AB302167}.Ad-Hoc|Any CPU.ActiveCfg = Release|x86
		{FE3C827A-EB8E-4B96-A3D6-31A5AB302167}.Ad-Hoc|Any CPU.Build.0 = Release|x86
		{FE3C827A-EB8E-4B96-A3D6-31A5AB302167}.Ad-Hoc|Any CPU.Deploy.0 = Release|x86
		{FE3C827A-EB8E-4B96-A3D6-31A5AB302167}.Ad-Hoc|ARM.ActiveCfg = Release|ARM
		{FE3C827A-EB8E-4B96-A3D6-31A5AB302167}.Ad-Hoc|ARM.Build.0 = Release|ARM
		{FE3C827A-EB8E-4B96-A3D6-31A5AB302167}.Ad-Hoc|ARM.Deploy.0 = Release|ARM
		{FE3C827A-EB8E-4B96-A3D6-31A5AB302167}.Ad-Hoc|iPhone.ActiveCfg = Release|x86
		{FE3C827A-EB8E-4B96-A3D6-31A5AB302167}.Ad-Hoc|iPhone.Build.0 = Release|x86
		{FE3C827A-EB8E-4B96-A3D6-31A5AB302167}.Ad-Hoc|iPhone.Deploy.0 = Release|x86
		{FE3C827A-EB8E-4B96-A3D6-31A5AB302167}.Ad-Hoc|iPhoneSimulator.ActiveCfg = Release|x86
		{FE3C827A-EB8E-4B96-A3D6-31A5AB302167}.Ad-Hoc|iPhoneSimulator.Build.0 = Release|x86
		{FE3C827A-EB8E-4B96-A3D6-31A5AB302167}.Ad-Hoc|iPhoneSimulator.Deploy.0 = Release|x86
		{FE3C827A-EB8E-4B96-A3D6-31A5AB302167}.Ad-Hoc|x64.ActiveCfg = Release|x64
		{FE3C827A-EB8E-4B96-A3D6-31A5AB302167}.Ad-Hoc|x64.Build.0 = Release|x64
		{FE3C827A-EB8E-4B96-A3D6-31A5AB302167}.Ad-Hoc|x64.Deploy.0 = Release|x64
		{FE3C827A-EB8E-4B96-A3D6-31A5AB302167}.Ad-Hoc|x86.ActiveCfg = Release|x86
		{FE3C827A-EB8E-4B96-A3D6-31A5AB302167}.Ad-Hoc|x86.Build.0 = Release|x86
		{FE3C827A-EB8E-4B96-A3D6-31A5AB302167}.Ad-Hoc|x86.Deploy.0 = Release|x86
		{FE3C827A-EB8E-4B96-A3D6-31A5AB302167}.AppStore|Any CPU.ActiveCfg = Release|x86
		{FE3C827A-EB8E-4B96-A3D6-31A5AB302167}.AppStore|Any CPU.Build.0 = Release|x86
		{FE3C827A-EB8E-4B96-A3D6-31A5AB302167}.AppStore|Any CPU.Deploy.0 = Release|x86
		{FE3C827A-EB8E-4B96-A3D6-31A5AB302167}.AppStore|ARM.ActiveCfg = Release|ARM
		{FE3C827A-EB8E-4B96-A3D6-31A5AB302167}.AppStore|ARM.Build.0 = Release|ARM
		{FE3C827A-EB8E-4B96-A3D6-31A5AB302167}.AppStore|ARM.Deploy.0 = Release|ARM
		{FE3C827A-EB8E-4B96-A3D6-31A5AB302167}.AppStore|iPhone.ActiveCfg = Release|x86
		{FE3C827A-EB8E-4B96-A3D6-31A5AB302167}.AppStore|iPhone.Build.0 = Release|x86
		{FE3C827A-EB8E-4B96-A3D6-31A5AB302167}.AppStore|iPhone.Deploy.0 = Release|x86
		{FE3C827A-EB8E-4B96-A3D6-31A5AB302167}.AppStore|iPhoneSimulator.ActiveCfg = Release|x86
		{FE3C827A-EB8E-4B96-A3D6-31A5AB302167}.AppStore|iPhoneSimulator.Build.0 = Release|x86
		{FE3C827A-EB8E-4B96-A3D6-31A5AB302167}.AppStore|iPhoneSimulator.Deploy.0 = Release|x86
		{FE3C827A-EB8E-4B96-A3D6-31A5AB302167}.AppStore|x64.ActiveCfg = Release|x64
		{FE3C827A-EB8E-4B96-A3D6-31A5AB302167}.AppStore|x64.Build.0 = Release|x64
		{FE3C827A-EB8E-4B96-A3D6-31A5AB302167}.AppStore|x64.Deploy.0 = Release|x64
		{FE3C827A-EB8E-4B96-A3D6-31A5AB302167}.AppStore|x86.ActiveCfg = Release|x86
		{FE3C827A-EB8E-4B96-A3D6-31A5AB302167}.AppStore|x86.Build.0 = Release|x86
		{FE3C827A-EB8E-4B96-A3D6-31A5AB302167}.AppStore|x86.Deploy.0 = Release|x86
		{FE3C827A-EB8E-4B96-A3D6-31A5AB302167}.Debug|Any CPU.ActiveCfg = Debug|x86
		{FE3C827A-EB8E-4B96-A3D6-31A5AB302167}.Debug|ARM.ActiveCfg = Debug|ARM
		{FE3C827A-EB8E-4B96-A3D6-31A5AB302167}.Debug|ARM.Build.0 = Debug|ARM
		{FE3C827A-EB8E-4B96-A3D6-31A5AB302167}.Debug|ARM.Deploy.0 = Debug|ARM
		{FE3C827A-EB8E-4B96-A3D6-31A5AB302167}.Debug|iPhone.ActiveCfg = Debug|x86
		{FE3C827A-EB8E-4B96-A3D6-31A5AB302167}.Debug|iPhoneSimulator.ActiveCfg = Debug|x86
		{FE3C827A-EB8E-4B96-A3D6-31A5AB302167}.Debug|x64.ActiveCfg = Debug|x64
		{FE3C827A-EB8E-4B96-A3D6-31A5AB302167}.Debug|x64.Build.0 = Debug|x64
		{FE3C827A-EB8E-4B96-A3D6-31A5AB302167}.Debug|x64.Deploy.0 = Debug|x64
		{FE3C827A-EB8E-4B96-A3D6-31A5AB302167}.Debug|x86.ActiveCfg = Debug|x86
		{FE3C827A-EB8E-4B96-A3D6-31A5AB302167}.Debug|x86.Build.0 = Debug|x86
		{FE3C827A-EB8E-4B96-A3D6-31A5AB302167}.Debug|x86.Deploy.0 = Debug|x86
		{FE3C827A-EB8E-4B96-A3D6-31A5AB302167}.Release|Any CPU.ActiveCfg = Release|x86
		{FE3C827A-EB8E-4B96-A3D6-31A5AB302167}.Release|ARM.ActiveCfg = Release|ARM
		{FE3C827A-EB8E-4B96-A3D6-31A5AB302167}.Release|ARM.Build.0 = Release|ARM
		{FE3C827A-EB8E-4B96-A3D6-31A5AB302167}.Release|ARM.Deploy.0 = Release|ARM
		{FE3C827A-EB8E-4B96-A3D6-31A5AB302167}.Release|iPhone.ActiveCfg = Release|x86
		{FE3C827A-EB8E-4B96-A3D6-31A5AB302167}.Release|iPhoneSimulator.ActiveCfg = Release|x86
		{FE3C827A-EB8E-4B96-A3D6-31A5AB302167}.Release|x64.ActiveCfg = Release|x64
		{FE3C827A-EB8E-4B96-A3D6-31A5AB302167}.Release|x64.Build.0 = Release|x64
		{FE3C827A-EB8E-4B96-A3D6-31A5AB302167}.Release|x64.Deploy.0 = Release|x64
		{FE3C827A-EB8E-4B96-A3D6-31A5AB302167}.Release|x86.ActiveCfg = Release|x86
		{FE3C827A-EB8E-4B96-A3D6-31A5AB302167}.Release|x86.Build.0 = Release|x86
		{FE3C827A-EB8E-4B96-A3D6-31A5AB302167}.Release|x86.Deploy.0 = Release|x86
		{54BC0F1E-176C-400B-A3F0-F49C58A8DEE9}.Ad-Hoc|Any CPU.ActiveCfg = Debug|Any CPU
		{54BC0F1E-176C-400B-A3F0-F49C58A8DEE9}.Ad-Hoc|Any CPU.Build.0 = Debug|Any CPU
		{54BC0F1E-176C-400B-A3F0-F49C58A8DEE9}.Ad-Hoc|ARM.ActiveCfg = Debug|Any CPU
		{54BC0F1E-176C-400B-A3F0-F49C58A8DEE9}.Ad-Hoc|ARM.Build.0 = Debug|Any CPU
		{54BC0F1E-176C-400B-A3F0-F49C58A8DEE9}.Ad-Hoc|iPhone.ActiveCfg = Debug|Any CPU
		{54BC0F1E-176C-400B-A3F0-F49C58A8DEE9}.Ad-Hoc|iPhone.Build.0 = Debug|Any CPU
		{54BC0F1E-176C-400B-A3F0-F49C58A8DEE9}.Ad-Hoc|iPhoneSimulator.ActiveCfg = Debug|Any CPU
		{54BC0F1E-176C-400B-A3F0-F49C58A8DEE9}.Ad-Hoc|iPhoneSimulator.Build.0 = Debug|Any CPU
		{54BC0F1E-176C-400B-A3F0-F49C58A8DEE9}.Ad-Hoc|x64.ActiveCfg = Debug|Any CPU
		{54BC0F1E-176C-400B-A3F0-F49C58A8DEE9}.Ad-Hoc|x64.Build.0 = Debug|Any CPU
		{54BC0F1E-176C-400B-A3F0-F49C58A8DEE9}.Ad-Hoc|x86.ActiveCfg = Debug|Any CPU
		{54BC0F1E-176C-400B-A3F0-F49C58A8DEE9}.Ad-Hoc|x86.Build.0 = Debug|Any CPU
		{54BC0F1E-176C-400B-A3F0-F49C58A8DEE9}.AppStore|Any CPU.ActiveCfg = Debug|Any CPU
		{54BC0F1E-176C-400B-A3F0-F49C58A8DEE9}.AppStore|Any CPU.Build.0 = Debug|Any CPU
		{54BC0F1E-176C-400B-A3F0-F49C58A8DEE9}.AppStore|ARM.ActiveCfg = Debug|Any CPU
		{54BC0F1E-176C-400B-A3F0-F49C58A8DEE9}.AppStore|ARM.Build.0 = Debug|Any CPU
		{54BC0F1E-176C-400B-A3F0-F49C58A8DEE9}.AppStore|iPhone.ActiveCfg = Debug|Any CPU
		{54BC0F1E-176C-400B-A3F0-F49C58A8DEE9}.AppStore|iPhone.Build.0 = Debug|Any CPU
		{54BC0F1E-176C-400B-A3F0-F49C58A8DEE9}.AppStore|iPhoneSimulator.ActiveCfg = Debug|Any CPU
		{54BC0F1E-176C-400B-A3F0-F49C58A8DEE9}.AppStore|iPhoneSimulator.Build.0 = Debug|Any CPU
		{54BC0F1E-176C-400B-A3F0-F49C58A8DEE9}.AppStore|x64.ActiveCfg = Debug|Any CPU
		{54BC0F1E-176C-400B-A3F0-F49C58A8DEE9}.AppStore|x64.Build.0 = Debug|Any CPU
		{54BC0F1E-176C-400B-A3F0-F49C58A8DEE9}.AppStore|x86.ActiveCfg = Debug|Any CPU
		{54BC0F1E-176C-400B-A3F0-F49C58A8DEE9}.AppStore|x86.Build.0 = Debug|Any CPU
		{54BC0F1E-176C-400B-A3F0-F49C58A8DEE9}.Debug|Any CPU.ActiveCfg = Debug|Any CPU
		{54BC0F1E-176C-400B-A3F0-F49C58A8DEE9}.Debug|Any CPU.Build.0 = Debug|Any CPU
		{54BC0F1E-176C-400B-A3F0-F49C58A8DEE9}.Debug|ARM.ActiveCfg = Debug|Any CPU
		{54BC0F1E-176C-400B-A3F0-F49C58A8DEE9}.Debug|ARM.Build.0 = Debug|Any CPU
		{54BC0F1E-176C-400B-A3F0-F49C58A8DEE9}.Debug|iPhone.ActiveCfg = Debug|Any CPU
		{54BC0F1E-176C-400B-A3F0-F49C58A8DEE9}.Debug|iPhone.Build.0 = Debug|Any CPU
		{54BC0F1E-176C-400B-A3F0-F49C58A8DEE9}.Debug|iPhoneSimulator.ActiveCfg = Debug|Any CPU
		{54BC0F1E-176C-400B-A3F0-F49C58A8DEE9}.Debug|iPhoneSimulator.Build.0 = Debug|Any CPU
		{54BC0F1E-176C-400B-A3F0-F49C58A8DEE9}.Debug|x64.ActiveCfg = Debug|Any CPU
		{54BC0F1E-176C-400B-A3F0-F49C58A8DEE9}.Debug|x64.Build.0 = Debug|Any CPU
		{54BC0F1E-176C-400B-A3F0-F49C58A8DEE9}.Debug|x86.ActiveCfg = Debug|Any CPU
		{54BC0F1E-176C-400B-A3F0-F49C58A8DEE9}.Debug|x86.Build.0 = Debug|Any CPU
		{54BC0F1E-176C-400B-A3F0-F49C58A8DEE9}.Release|Any CPU.ActiveCfg = Release|Any CPU
		{54BC0F1E-176C-400B-A3F0-F49C58A8DEE9}.Release|Any CPU.Build.0 = Release|Any CPU
		{54BC0F1E-176C-400B-A3F0-F49C58A8DEE9}.Release|ARM.ActiveCfg = Release|Any CPU
		{54BC0F1E-176C-400B-A3F0-F49C58A8DEE9}.Release|ARM.Build.0 = Release|Any CPU
		{54BC0F1E-176C-400B-A3F0-F49C58A8DEE9}.Release|iPhone.ActiveCfg = Release|Any CPU
		{54BC0F1E-176C-400B-A3F0-F49C58A8DEE9}.Release|iPhone.Build.0 = Release|Any CPU
		{54BC0F1E-176C-400B-A3F0-F49C58A8DEE9}.Release|iPhoneSimulator.ActiveCfg = Release|Any CPU
		{54BC0F1E-176C-400B-A3F0-F49C58A8DEE9}.Release|iPhoneSimulator.Build.0 = Release|Any CPU
		{54BC0F1E-176C-400B-A3F0-F49C58A8DEE9}.Release|x64.ActiveCfg = Release|Any CPU
		{54BC0F1E-176C-400B-A3F0-F49C58A8DEE9}.Release|x64.Build.0 = Release|Any CPU
		{54BC0F1E-176C-400B-A3F0-F49C58A8DEE9}.Release|x86.ActiveCfg = Release|Any CPU
		{54BC0F1E-176C-400B-A3F0-F49C58A8DEE9}.Release|x86.Build.0 = Release|Any CPU
	EndGlobalSection
	GlobalSection(SolutionProperties) = preSolution
		HideSolutionNode = FALSE
	EndGlobalSection
	GlobalSection(ExtensibilityGlobals) = postSolution
		SolutionGuid = {235CD2A6-BE64-4F88-AED7-6A988BA1C014}
	EndGlobalSection
EndGlobal
